// !$*UTF8*$!
{
	archiveVersion = 1;
	classes = {
	};
	objectVersion = 50;
	objects = {

/* Begin PBXBuildFile section */
		8267C78F211D9A10002D2441 /* AppDelegate.m in Sources */ = {isa = PBXBuildFile; fileRef = 8267C78E211D9A10002D2441 /* AppDelegate.m */; };
		8267C792211D9A10002D2441 /* ViewController.m in Sources */ = {isa = PBXBuildFile; fileRef = 8267C791211D9A10002D2441 /* ViewController.m */; };
		8267C795211D9A10002D2441 /* Main.storyboard in Resources */ = {isa = PBXBuildFile; fileRef = 8267C793211D9A10002D2441 /* Main.storyboard */; };
		8267C797211D9A11002D2441 /* Assets.xcassets in Resources */ = {isa = PBXBuildFile; fileRef = 8267C796211D9A11002D2441 /* Assets.xcassets */; };
		8267C79A211D9A11002D2441 /* LaunchScreen.storyboard in Resources */ = {isa = PBXBuildFile; fileRef = 8267C798211D9A11002D2441 /* LaunchScreen.storyboard */; };
		8267C79D211D9A11002D2441 /* main.m in Sources */ = {isa = PBXBuildFile; fileRef = 8267C79C211D9A11002D2441 /* main.m */; };
/* End PBXBuildFile section */

/* Begin PBXFileReference section */
		8267C78A211D9A10002D2441 /* Notify测试.app */ = {isa = PBXFileReference; explicitFileType = wrapper.application; includeInIndex = 0; path = "Notify测试.app"; sourceTree = BUILT_PRODUCTS_DIR; };
		8267C78D211D9A10002D2441 /* AppDelegate.h */ = {isa = PBXFileReference; lastKnownFileType = sourcecode.c.h; path = AppDelegate.h; sourceTree = "<group>"; };
		8267C78E211D9A10002D2441 /* AppDelegate.m */ = {isa = PBXFileReference; lastKnownFileType = sourcecode.c.objc; path = AppDelegate.m; sourceTree = "<group>"; };
		8267C790211D9A10002D2441 /* ViewController.h */ = {isa = PBXFileReference; lastKnownFileType = sourcecode.c.h; path = ViewController.h; sourceTree = "<group>"; };
		8267C791211D9A10002D2441 /* ViewController.m */ = {isa = PBXFileReference; lastKnownFileType = sourcecode.c.objc; path = ViewController.m; sourceTree = "<group>"; };
		8267C794211D9A10002D2441 /* Base */ = {isa = PBXFileReference; lastKnownFileType = file.storyboard; name = Base; path = Base.lproj/Main.storyboard; sourceTree = "<group>"; };
		8267C796211D9A11002D2441 /* Assets.xcassets */ = {isa = PBXFileReference; lastKnownFileType = folder.assetcatalog; path = Assets.xcassets; sourceTree = "<group>"; };
		8267C799211D9A11002D2441 /* Base */ = {isa = PBXFileReference; lastKnownFileType = file.storyboard; name = Base; path = Base.lproj/LaunchScreen.storyboard; sourceTree = "<group>"; };
		8267C79B211D9A11002D2441 /* Info.plist */ = {isa = PBXFileReference; lastKnownFileType = text.plist.xml; path = Info.plist; sourceTree = "<group>"; };
		8267C79C211D9A11002D2441 /* main.m */ = {isa = PBXFileReference; lastKnownFileType = sourcecode.c.objc; path = main.m; sourceTree = "<group>"; };
/* End PBXFileReference section */

/* Begin PBXFrameworksBuildPhase section */
		8267C787211D9A10002D2441 /* Frameworks */ = {
			isa = PBXFrameworksBuildPhase;
			buildActionMask = 2147483647;
			files = (
			);
			runOnlyForDeploymentPostprocessing = 0;
		};
/* End PBXFrameworksBuildPhase section */

/* Begin PBXGroup section */
		8267C781211D9A10002D2441 = {
			isa = PBXGroup;
			children = (
				8267C78C211D9A10002D2441 /* Notify测试 */,
				8267C78B211D9A10002D2441 /* Products */,
			);
			sourceTree = "<group>";
		};
		8267C78B211D9A10002D2441 /* Products */ = {
			isa = PBXGroup;
			children = (
				8267C78A211D9A10002D2441 /* Notify测试.app */,
			);
			name = Products;
			sourceTree = "<group>";
		};
		8267C78C211D9A10002D2441 /* Notify测试 */ = {
			isa = PBXGroup;
			children = (
				8267C78D211D9A10002D2441 /* AppDelegate.h */,
				8267C78E211D9A10002D2441 /* AppDelegate.m */,
				8267C790211D9A10002D2441 /* ViewController.h */,
				8267C791211D9A10002D2441 /* ViewController.m */,
				8267C793211D9A10002D2441 /* Main.storyboard */,
				8267C796211D9A11002D2441 /* Assets.xcassets */,
				8267C798211D9A11002D2441 /* LaunchScreen.storyboard */,
				8267C79B211D9A11002D2441 /* Info.plist */,
				8267C79C211D9A11002D2441 /* main.m */,
			);
			path = "Notify测试";
			sourceTree = "<group>";
		};
/* End PBXGroup section */

/* Begin PBXNativeTarget section */
		8267C789211D9A10002D2441 /* Notify测试 */ = {
			isa = PBXNativeTarget;
			buildConfigurationList = 8267C7A0211D9A11002D2441 /* Build configuration list for PBXNativeTarget "Notify测试" */;
			buildPhases = (
				8267C786211D9A10002D2441 /* Sources */,
				8267C787211D9A10002D2441 /* Frameworks */,
				8267C788211D9A10002D2441 /* Resources */,
			);
			buildRules = (
			);
			dependencies = (
			);
			name = "Notify测试";
			productName = "Notify测试";
			productReference = 8267C78A211D9A10002D2441 /* Notify测试.app */;
			productType = "com.apple.product-type.application";
		};
/* End PBXNativeTarget section */

/* Begin PBXProject section */
		8267C782211D9A10002D2441 /* Project object */ = {
			isa = PBXProject;
			attributes = {
				LastUpgradeCheck = 0940;
				ORGANIZATIONNAME = iot_iMac;
				TargetAttributes = {
					8267C789211D9A10002D2441 = {
						CreatedOnToolsVersion = 9.4;
					};
				};
			};
			buildConfigurationList = 8267C785211D9A10002D2441 /* Build configuration list for PBXProject "Notify测试" */;
			compatibilityVersion = "Xcode 9.3";
			developmentRegion = en;
			hasScannedForEncodings = 0;
			knownRegions = (
				en,
				Base,
			);
			mainGroup = 8267C781211D9A10002D2441;
			productRefGroup = 8267C78B211D9A10002D2441 /* Products */;
			projectDirPath = "";
			projectRoot = "";
			targets = (
				8267C789211D9A10002D2441 /* Notify测试 */,
			);
		};
/* End PBXProject section */

/* Begin PBXResourcesBuildPhase section */
		8267C788211D9A10002D2441 /* Resources */ = {
			isa = PBXResourcesBuildPhase;
			buildActionMask = 2147483647;
			files = (
				8267C79A211D9A11002D2441 /* LaunchScreen.storyboard in Resources */,
				8267C797211D9A11002D2441 /* Assets.xcassets in Resources */,
				8267C795211D9A10002D2441 /* Main.storyboard in Resources */,
			);
			runOnlyForDeploymentPostprocessing = 0;
		};
/* End PBXResourcesBuildPhase section */

/* Begin PBXSourcesBuildPhase section */
		8267C786211D9A10002D2441 /* Sources */ = {
			isa = PBXSourcesBuildPhase;
			buildActionMask = 2147483647;
			files = (
				8267C792211D9A10002D2441 /* ViewController.m in Sources */,
				8267C79D211D9A11002D2441 /* main.m in Sources */,
				8267C78F211D9A10002D2441 /* AppDelegate.m in Sources */,
			);
			runOnlyForDeploymentPostprocessing = 0;
		};
/* End PBXSourcesBuildPhase section */

/* Begin PBXVariantGroup section */
		8267C793211D9A10002D2441 /* Main.storyboard */ = {
			isa = PBXVariantGroup;
			children = (
				8267C794211D9A10002D2441 /* Base */,
			);
			name = Main.storyboard;
			sourceTree = "<group>";
		};
		8267C798211D9A11002D2441 /* LaunchScreen.storyboard */ = {
			isa = PBXVariantGroup;
			children = (
				8267C799211D9A11002D2441 /* Base */,
			);
			name = LaunchScreen.storyboard;
			sourceTree = "<group>";
		};
/* End PBXVariantGroup section */

/* Begin XCBuildConfiguration section */
		8267C79E211D9A11002D2441 /* Debug */ = {
			isa = XCBuildConfiguration;
			buildSettings = {
				ALWAYS_SEARCH_USER_PATHS = NO;
				CLANG_ANALYZER_NONNULL = YES;
				CLANG_ANALYZER_NUMBER_OBJECT_CONVERSION = YES_AGGRESSIVE;
				CLANG_CXX_LANGUAGE_STANDARD = "gnu++14";
				CLANG_CXX_LIBRARY = "libc++";
				CLANG_ENABLE_MODULES = YES;
				CLANG_ENABLE_OBJC_ARC = YES;
				CLANG_ENABLE_OBJC_WEAK = YES;
				CLANG_WARN_BLOCK_CAPTURE_AUTORELEASING = YES;
				CLANG_WARN_BOOL_CONVERSION = YES;
				CLANG_WARN_COMMA = YES;
				CLANG_WARN_CONSTANT_CONVERSION = YES;
				CLANG_WARN_DEPRECATED_OBJC_IMPLEMENTATIONS = YES;
				CLANG_WARN_DIRECT_OBJC_ISA_USAGE = YES_ERROR;
				CLANG_WARN_DOCUMENTATION_COMMENTS = YES;
				CLANG_WARN_EMPTY_BODY = YES;
				CLANG_WARN_ENUM_CONVERSION = YES;
				CLANG_WARN_INFINITE_RECURSION = YES;
				CLANG_WARN_INT_CONVERSION = YES;
				CLANG_WARN_NON_LITERAL_NULL_CONVERSION = YES;
				CLANG_WARN_OBJC_IMPLICIT_RETAIN_SELF = YES;
				CLANG_WARN_OBJC_LITERAL_CONVERSION = YES;
				CLANG_WARN_OBJC_ROOT_CLASS = YES_ERROR;
				CLANG_WARN_RANGE_LOOP_ANALYSIS = YES;
				CLANG_WARN_STRICT_PROTOTYPES = YES;
				CLANG_WARN_SUSPICIOUS_MOVE = YES;
				CLANG_WARN_UNGUARDED_AVAILABILITY = YES_AGGRESSIVE;
				CLANG_WARN_UNREACHABLE_CODE = YES;
				CLANG_WARN__DUPLICATE_METHOD_MATCH = YES;
				CODE_SIGN_IDENTITY = "iPhone Developer";
				COPY_PHASE_STRIP = NO;
				DEBUG_INFORMATION_FORMAT = dwarf;
				ENABLE_STRICT_OBJC_MSGSEND = YES;
				ENABLE_TESTABILITY = YES;
				GCC_C_LANGUAGE_STANDARD = gnu11;
				GCC_DYNAMIC_NO_PIC = NO;
				GCC_NO_COMMON_BLOCKS = YES;
				GCC_OPTIMIZATION_LEVEL = 0;
				GCC_PREPROCESSOR_DEFINITIONS = (
					"DEBUG=1",
					"$(inherited)",
				);
				GCC_WARN_64_TO_32_BIT_CONVERSION = YES;
				GCC_WARN_ABOUT_RETURN_TYPE = YES_ERROR;
				GCC_WARN_UNDECLARED_SELECTOR = YES;
				GCC_WARN_UNINITIALIZED_AUTOS = YES_AGGRESSIVE;
				GCC_WARN_UNUSED_FUNCTION = YES;
				GCC_WARN_UNUSED_VARIABLE = YES;
				IPHONEOS_DEPLOYMENT_TARGET = 11.4;
				MTL_ENABLE_DEBUG_INFO = YES;
				ONLY_ACTIVE_ARCH = YES;
				SDKROOT = iphoneos;
			};
			name = Debug;
		};
		8267C79F211D9A11002D2441 /* Release */ = {
			isa = XCBuildConfiguration;
			buildSettings = {
				ALWAYS_SEARCH_USER_PATHS = NO;
				CLANG_ANALYZER_NONNULL = YES;
				CLANG_ANALYZER_NUMBER_OBJECT_CONVERSION = YES_AGGRESSIVE;
				CLANG_CXX_LANGUAGE_STANDARD = "gnu++14";
				CLANG_CXX_LIBRARY = "libc++";
				CLANG_ENABLE_MODULES = YES;
				CLANG_ENABLE_OBJC_ARC = YES;
				CLANG_ENABLE_OBJC_WEAK = YES;
				CLANG_WARN_BLOCK_CAPTURE_AUTORELEASING = YES;
				CLANG_WARN_BOOL_CONVERSION = YES;
				CLANG_WARN_COMMA = YES;
				CLANG_WARN_CONSTANT_CONVERSION = YES;
				CLANG_WARN_DEPRECATED_OBJC_IMPLEMENTATIONS = YES;
				CLANG_WARN_DIRECT_OBJC_ISA_USAGE = YES_ERROR;
				CLANG_WARN_DOCUMENTATION_COMMENTS = YES;
				CLANG_WARN_EMPTY_BODY = YES;
				CLANG_WARN_ENUM_CONVERSION = YES;
				CLANG_WARN_INFINITE_RECURSION = YES;
				CLANG_WARN_INT_CONVERSION = YES;
				CLANG_WARN_NON_LITERAL_NULL_CONVERSION = YES;
				CLANG_WARN_OBJC_IMPLICIT_RETAIN_SELF = YES;
				CLANG_WARN_OBJC_LITERAL_CONVERSION = YES;
				CLANG_WARN_OBJC_ROOT_CLASS = YES_ERROR;
				CLANG_WARN_RANGE_LOOP_ANALYSIS = YES;
				CLANG_WARN_STRICT_PROTOTYPES = YES;
				CLANG_WARN_SUSPICIOUS_MOVE = YES;
				CLANG_WARN_UNGUARDED_AVAILABILITY = YES_AGGRESSIVE;
				CLANG_WARN_UNREACHABLE_CODE = YES;
				CLANG_WARN__DUPLICATE_METHOD_MATCH = YES;
				CODE_SIGN_IDENTITY = "iPhone Developer";
				COPY_PHASE_STRIP = NO;
				DEBUG_INFORMATION_FORMAT = "dwarf-with-dsym";
				ENABLE_NS_ASSERTIONS = NO;
				ENABLE_STRICT_OBJC_MSGSEND = YES;
				GCC_C_LANGUAGE_STANDARD = gnu11;
				GCC_NO_COMMON_BLOCKS = YES;
				GCC_WARN_64_TO_32_BIT_CONVERSION = YES;
				GCC_WARN_ABOUT_RETURN_TYPE = YES_ERROR;
				GCC_WARN_UNDECLARED_SELECTOR = YES;
				GCC_WARN_UNINITIALIZED_AUTOS = YES_AGGRESSIVE;
				GCC_WARN_UNUSED_FUNCTION = YES;
				GCC_WARN_UNUSED_VARIABLE = YES;
				IPHONEOS_DEPLOYMENT_TARGET = 11.4;
				MTL_ENABLE_DEBUG_INFO = NO;
				SDKROOT = iphoneos;
				VALIDATE_PRODUCT = YES;
			};
			name = Release;
		};
		8267C7A1211D9A11002D2441 /* Debug */ = {
			isa = XCBuildConfiguration;
			buildSettings = {
				ASSETCATALOG_COMPILER_APPICON_NAME = AppIcon;
				CODE_SIGN_STYLE = Automatic;
				INFOPLIST_FILE = "Notify测试/Info.plist";
				LD_RUNPATH_SEARCH_PATHS = (
					"$(inherited)",
					"@executable_path/Frameworks",
				);
				PRODUCT_BUNDLE_IDENTIFIER = "com.pingwang.Notify--";
				PRODUCT_NAME = "$(TARGET_NAME)";
				TARGETED_DEVICE_FAMILY = "1,2";
			};
			name = Debug;
		};
		8267C7A2211D9A11002D2441 /* Release */ = {
			isa = XCBuildConfiguration;
			buildSettings = {
				ASSETCATALOG_COMPILER_APPICON_NAME = AppIcon;
				CODE_SIGN_STYLE = Automatic;
				INFOPLIST_FILE = "Notify测试/Info.plist";
				LD_RUNPATH_SEARCH_PATHS = (
					"$(inherited)",
					"@executable_path/Frameworks",
				);
				PRODUCT_BUNDLE_IDENTIFIER = "com.pingwang.Notify--";
				PRODUCT_NAME = "$(TARGET_NAME)";
				TARGETED_DEVICE_FAMILY = "1,2";
			};
			name = Release;
		};
/* End XCBuildConfiguration section */

/* Begin XCConfigurationList section */
		8267C785211D9A10002D2441 /* Build configuration list for PBXProject "Notify测试" */ = {
			isa = XCConfigurationList;
			buildConfigurations = (
				8267C79E211D9A11002D2441 /* Debug */,
				8267C79F211D9A11002D2441 /* Release */,
			);
			defaultConfigurationIsVisible = 0;
			defaultConfigurationName = Release;
		};
		8267C7A0211D9A11002D2441 /* Build configuration list for PBXNativeTarget "Notify测试" */ = {
			isa = XCConfigurationList;
			buildConfigurations = (
				8267C7A1211D9A11002D2441 /* Debug */,
				8267C7A2211D9A11002D2441 /* Release */,
			);
			defaultConfigurationIsVisible = 0;
			defaultConfigurationName = Release;
		};
/* End XCConfigurationList section */
	};
	rootObject = 8267C782211D9A10002D2441 /* Project object */;
}
