// !$*UTF8*$!
{
	archiveVersion = 1;
	classes = {
	};
	objectVersion = 50;
	objects = {

/* Begin PBXBuildFile section */
		8288935720FCA5B000E0D759 /* AppDelegate.m in Sources */ = {isa = PBXBuildFile; fileRef = 8288935620FCA5B000E0D759 /* AppDelegate.m */; };
		8288935A20FCA5B000E0D759 /* ViewController.m in Sources */ = {isa = PBXBuildFile; fileRef = 8288935920FCA5B000E0D759 /* ViewController.m */; };
		8288935D20FCA5B000E0D759 /* Main.storyboard in Resources */ = {isa = PBXBuildFile; fileRef = 8288935B20FCA5B000E0D759 /* Main.storyboard */; };
		8288935F20FCA5B100E0D759 /* Assets.xcassets in Resources */ = {isa = PBXBuildFile; fileRef = 8288935E20FCA5B100E0D759 /* Assets.xcassets */; };
		8288936220FCA5B100E0D759 /* LaunchScreen.storyboard in Resources */ = {isa = PBXBuildFile; fileRef = 8288936020FCA5B100E0D759 /* LaunchScreen.storyboard */; };
		8288936520FCA5B100E0D759 /* main.m in Sources */ = {isa = PBXBuildFile; fileRef = 8288936420FCA5B100E0D759 /* main.m */; };
/* End PBXBuildFile section */

/* Begin PBXFileReference section */
		8288935220FCA5B000E0D759 /* TabBarVC.app */ = {isa = PBXFileReference; explicitFileType = wrapper.application; includeInIndex = 0; path = TabBarVC.app; sourceTree = BUILT_PRODUCTS_DIR; };
		8288935520FCA5B000E0D759 /* AppDelegate.h */ = {isa = PBXFileReference; lastKnownFileType = sourcecode.c.h; path = AppDelegate.h; sourceTree = "<group>"; };
		8288935620FCA5B000E0D759 /* AppDelegate.m */ = {isa = PBXFileReference; lastKnownFileType = sourcecode.c.objc; path = AppDelegate.m; sourceTree = "<group>"; };
		8288935820FCA5B000E0D759 /* ViewController.h */ = {isa = PBXFileReference; lastKnownFileType = sourcecode.c.h; path = ViewController.h; sourceTree = "<group>"; };
		8288935920FCA5B000E0D759 /* ViewController.m */ = {isa = PBXFileReference; lastKnownFileType = sourcecode.c.objc; path = ViewController.m; sourceTree = "<group>"; };
		8288935C20FCA5B000E0D759 /* Base */ = {isa = PBXFileReference; lastKnownFileType = file.storyboard; name = Base; path = Base.lproj/Main.storyboard; sourceTree = "<group>"; };
		8288935E20FCA5B100E0D759 /* Assets.xcassets */ = {isa = PBXFileReference; lastKnownFileType = folder.assetcatalog; path = Assets.xcassets; sourceTree = "<group>"; };
		8288936120FCA5B100E0D759 /* Base */ = {isa = PBXFileReference; lastKnownFileType = file.storyboard; name = Base; path = Base.lproj/LaunchScreen.storyboard; sourceTree = "<group>"; };
		8288936320FCA5B100E0D759 /* Info.plist */ = {isa = PBXFileReference; lastKnownFileType = text.plist.xml; path = Info.plist; sourceTree = "<group>"; };
		8288936420FCA5B100E0D759 /* main.m */ = {isa = PBXFileReference; lastKnownFileType = sourcecode.c.objc; path = main.m; sourceTree = "<group>"; };
/* End PBXFileReference section */

/* Begin PBXFrameworksBuildPhase section */
		8288934F20FCA5B000E0D759 /* Frameworks */ = {
			isa = PBXFrameworksBuildPhase;
			buildActionMask = 2147483647;
			files = (
			);
			runOnlyForDeploymentPostprocessing = 0;
		};
/* End PBXFrameworksBuildPhase section */

/* Begin PBXGroup section */
		8288934920FCA5B000E0D759 = {
			isa = PBXGroup;
			children = (
				8288935420FCA5B000E0D759 /* TabBarVC */,
				8288935320FCA5B000E0D759 /* Products */,
			);
			sourceTree = "<group>";
		};
		8288935320FCA5B000E0D759 /* Products */ = {
			isa = PBXGroup;
			children = (
				8288935220FCA5B000E0D759 /* TabBarVC.app */,
			);
			name = Products;
			sourceTree = "<group>";
		};
		8288935420FCA5B000E0D759 /* TabBarVC */ = {
			isa = PBXGroup;
			children = (
				8288935520FCA5B000E0D759 /* AppDelegate.h */,
				8288935620FCA5B000E0D759 /* AppDelegate.m */,
				8288935820FCA5B000E0D759 /* ViewController.h */,
				8288935920FCA5B000E0D759 /* ViewController.m */,
				8288935B20FCA5B000E0D759 /* Main.storyboard */,
				8288935E20FCA5B100E0D759 /* Assets.xcassets */,
				8288936020FCA5B100E0D759 /* LaunchScreen.storyboard */,
				8288936320FCA5B100E0D759 /* Info.plist */,
				8288936420FCA5B100E0D759 /* main.m */,
			);
			path = TabBarVC;
			sourceTree = "<group>";
		};
/* End PBXGroup section */

/* Begin PBXNativeTarget section */
		8288935120FCA5B000E0D759 /* TabBarVC */ = {
			isa = PBXNativeTarget;
			buildConfigurationList = 8288936820FCA5B100E0D759 /* Build configuration list for PBXNativeTarget "TabBarVC" */;
			buildPhases = (
				8288934E20FCA5B000E0D759 /* Sources */,
				8288934F20FCA5B000E0D759 /* Frameworks */,
				8288935020FCA5B000E0D759 /* Resources */,
			);
			buildRules = (
			);
			dependencies = (
			);
			name = TabBarVC;
			productName = TabBarVC;
			productReference = 8288935220FCA5B000E0D759 /* TabBarVC.app */;
			productType = "com.apple.product-type.application";
		};
/* End PBXNativeTarget section */

/* Begin PBXProject section */
		8288934A20FCA5B000E0D759 /* Project object */ = {
			isa = PBXProject;
			attributes = {
				LastUpgradeCheck = 0940;
				ORGANIZATIONNAME = iot_iMac;
				TargetAttributes = {
					8288935120FCA5B000E0D759 = {
						CreatedOnToolsVersion = 9.4;
					};
				};
			};
			buildConfigurationList = 8288934D20FCA5B000E0D759 /* Build configuration list for PBXProject "TabBarVC" */;
			compatibilityVersion = "Xcode 9.3";
			developmentRegion = en;
			hasScannedForEncodings = 0;
			knownRegions = (
				en,
				Base,
			);
			mainGroup = 8288934920FCA5B000E0D759;
			productRefGroup = 8288935320FCA5B000E0D759 /* Products */;
			projectDirPath = "";
			projectRoot = "";
			targets = (
				8288935120FCA5B000E0D759 /* TabBarVC */,
			);
		};
/* End PBXProject section */

/* Begin PBXResourcesBuildPhase section */
		8288935020FCA5B000E0D759 /* Resources */ = {
			isa = PBXResourcesBuildPhase;
			buildActionMask = 2147483647;
			files = (
				8288936220FCA5B100E0D759 /* LaunchScreen.storyboard in Resources */,
				8288935F20FCA5B100E0D759 /* Assets.xcassets in Resources */,
				8288935D20FCA5B000E0D759 /* Main.storyboard in Resources */,
			);
			runOnlyForDeploymentPostprocessing = 0;
		};
/* End PBXResourcesBuildPhase section */

/* Begin PBXSourcesBuildPhase section */
		8288934E20FCA5B000E0D759 /* Sources */ = {
			isa = PBXSourcesBuildPhase;
			buildActionMask = 2147483647;
			files = (
				8288935A20FCA5B000E0D759 /* ViewController.m in Sources */,
				8288936520FCA5B100E0D759 /* main.m in Sources */,
				8288935720FCA5B000E0D759 /* AppDelegate.m in Sources */,
			);
			runOnlyForDeploymentPostprocessing = 0;
		};
/* End PBXSourcesBuildPhase section */

/* Begin PBXVariantGroup section */
		8288935B20FCA5B000E0D759 /* Main.storyboard */ = {
			isa = PBXVariantGroup;
			children = (
				8288935C20FCA5B000E0D759 /* Base */,
			);
			name = Main.storyboard;
			sourceTree = "<group>";
		};
		8288936020FCA5B100E0D759 /* LaunchScreen.storyboard */ = {
			isa = PBXVariantGroup;
			children = (
				8288936120FCA5B100E0D759 /* Base */,
			);
			name = LaunchScreen.storyboard;
			sourceTree = "<group>";
		};
/* End PBXVariantGroup section */

/* Begin XCBuildConfiguration section */
		8288936620FCA5B100E0D759 /* Debug */ = {
			isa = XCBuildConfiguration;
			buildSettings = {
				ALWAYS_SEARCH_USER_PATHS = NO;
				CLANG_ANALYZER_NONNULL = YES;
				CLANG_ANALYZER_NUMBER_OBJECT_CONVERSION = YES_AGGRESSIVE;
				CLANG_CXX_LANGUAGE_STANDARD = "gnu++14";
				CLANG_CXX_LIBRARY = "libc++";
				CLANG_ENABLE_MODULES = YES;
				CLANG_ENABLE_OBJC_ARC = YES;
				CLANG_ENABLE_OBJC_WEAK = YES;
				CLANG_WARN_BLOCK_CAPTURE_AUTORELEASING = YES;
				CLANG_WARN_BOOL_CONVERSION = YES;
				CLANG_WARN_COMMA = YES;
				CLANG_WARN_CONSTANT_CONVERSION = YES;
				CLANG_WARN_DEPRECATED_OBJC_IMPLEMENTATIONS = YES;
				CLANG_WARN_DIRECT_OBJC_ISA_USAGE = YES_ERROR;
				CLANG_WARN_DOCUMENTATION_COMMENTS = YES;
				CLANG_WARN_EMPTY_BODY = YES;
				CLANG_WARN_ENUM_CONVERSION = YES;
				CLANG_WARN_INFINITE_RECURSION = YES;
				CLANG_WARN_INT_CONVERSION = YES;
				CLANG_WARN_NON_LITERAL_NULL_CONVERSION = YES;
				CLANG_WARN_OBJC_IMPLICIT_RETAIN_SELF = YES;
				CLANG_WARN_OBJC_LITERAL_CONVERSION = YES;
				CLANG_WARN_OBJC_ROOT_CLASS = YES_ERROR;
				CLANG_WARN_RANGE_LOOP_ANALYSIS = YES;
				CLANG_WARN_STRICT_PROTOTYPES = YES;
				CLANG_WARN_SUSPICIOUS_MOVE = YES;
				CLANG_WARN_UNGUARDED_AVAILABILITY = YES_AGGRESSIVE;
				CLANG_WARN_UNREACHABLE_CODE = YES;
				CLANG_WARN__DUPLICATE_METHOD_MATCH = YES;
				CODE_SIGN_IDENTITY = "iPhone Developer";
				COPY_PHASE_STRIP = NO;
				DEBUG_INFORMATION_FORMAT = dwarf;
				ENABLE_STRICT_OBJC_MSGSEND = YES;
				ENABLE_TESTABILITY = YES;
				GCC_C_LANGUAGE_STANDARD = gnu11;
				GCC_DYNAMIC_NO_PIC = NO;
				GCC_NO_COMMON_BLOCKS = YES;
				GCC_OPTIMIZATION_LEVEL = 0;
				GCC_PREPROCESSOR_DEFINITIONS = (
					"DEBUG=1",
					"$(inherited)",
				);
				GCC_WARN_64_TO_32_BIT_CONVERSION = YES;
				GCC_WARN_ABOUT_RETURN_TYPE = YES_ERROR;
				GCC_WARN_UNDECLARED_SELECTOR = YES;
				GCC_WARN_UNINITIALIZED_AUTOS = YES_AGGRESSIVE;
				GCC_WARN_UNUSED_FUNCTION = YES;
				GCC_WARN_UNUSED_VARIABLE = YES;
				IPHONEOS_DEPLOYMENT_TARGET = 11.4;
				MTL_ENABLE_DEBUG_INFO = YES;
				ONLY_ACTIVE_ARCH = YES;
				SDKROOT = iphoneos;
			};
			name = Debug;
		};
		8288936720FCA5B100E0D759 /* Release */ = {
			isa = XCBuildConfiguration;
			buildSettings = {
				ALWAYS_SEARCH_USER_PATHS = NO;
				CLANG_ANALYZER_NONNULL = YES;
				CLANG_ANALYZER_NUMBER_OBJECT_CONVERSION = YES_AGGRESSIVE;
				CLANG_CXX_LANGUAGE_STANDARD = "gnu++14";
				CLANG_CXX_LIBRARY = "libc++";
				CLANG_ENABLE_MODULES = YES;
				CLANG_ENABLE_OBJC_ARC = YES;
				CLANG_ENABLE_OBJC_WEAK = YES;
				CLANG_WARN_BLOCK_CAPTURE_AUTORELEASING = YES;
				CLANG_WARN_BOOL_CONVERSION = YES;
				CLANG_WARN_COMMA = YES;
				CLANG_WARN_CONSTANT_CONVERSION = YES;
				CLANG_WARN_DEPRECATED_OBJC_IMPLEMENTATIONS = YES;
				CLANG_WARN_DIRECT_OBJC_ISA_USAGE = YES_ERROR;
				CLANG_WARN_DOCUMENTATION_COMMENTS = YES;
				CLANG_WARN_EMPTY_BODY = YES;
				CLANG_WARN_ENUM_CONVERSION = YES;
				CLANG_WARN_INFINITE_RECURSION = YES;
				CLANG_WARN_INT_CONVERSION = YES;
				CLANG_WARN_NON_LITERAL_NULL_CONVERSION = YES;
				CLANG_WARN_OBJC_IMPLICIT_RETAIN_SELF = YES;
				CLANG_WARN_OBJC_LITERAL_CONVERSION = YES;
				CLANG_WARN_OBJC_ROOT_CLASS = YES_ERROR;
				CLANG_WARN_RANGE_LOOP_ANALYSIS = YES;
				CLANG_WARN_STRICT_PROTOTYPES = YES;
				CLANG_WARN_SUSPICIOUS_MOVE = YES;
				CLANG_WARN_UNGUARDED_AVAILABILITY = YES_AGGRESSIVE;
				CLANG_WARN_UNREACHABLE_CODE = YES;
				CLANG_WARN__DUPLICATE_METHOD_MATCH = YES;
				CODE_SIGN_IDENTITY = "iPhone Developer";
				COPY_PHASE_STRIP = NO;
				DEBUG_INFORMATION_FORMAT = "dwarf-with-dsym";
				ENABLE_NS_ASSERTIONS = NO;
				ENABLE_STRICT_OBJC_MSGSEND = YES;
				GCC_C_LANGUAGE_STANDARD = gnu11;
				GCC_NO_COMMON_BLOCKS = YES;
				GCC_WARN_64_TO_32_BIT_CONVERSION = YES;
				GCC_WARN_ABOUT_RETURN_TYPE = YES_ERROR;
				GCC_WARN_UNDECLARED_SELECTOR = YES;
				GCC_WARN_UNINITIALIZED_AUTOS = YES_AGGRESSIVE;
				GCC_WARN_UNUSED_FUNCTION = YES;
				GCC_WARN_UNUSED_VARIABLE = YES;
				IPHONEOS_DEPLOYMENT_TARGET = 11.4;
				MTL_ENABLE_DEBUG_INFO = NO;
				SDKROOT = iphoneos;
				VALIDATE_PRODUCT = YES;
			};
			name = Release;
		};
		8288936920FCA5B100E0D759 /* Debug */ = {
			isa = XCBuildConfiguration;
			buildSettings = {
				ASSETCATALOG_COMPILER_APPICON_NAME = AppIcon;
				CODE_SIGN_STYLE = Automatic;
				INFOPLIST_FILE = TabBarVC/Info.plist;
				LD_RUNPATH_SEARCH_PATHS = (
					"$(inherited)",
					"@executable_path/Frameworks",
				);
				PRODUCT_BUNDLE_IDENTIFIER = com.pingwang.TabBarVC;
				PRODUCT_NAME = "$(TARGET_NAME)";
				TARGETED_DEVICE_FAMILY = "1,2";
			};
			name = Debug;
		};
		8288936A20FCA5B100E0D759 /* Release */ = {
			isa = XCBuildConfiguration;
			buildSettings = {
				ASSETCATALOG_COMPILER_APPICON_NAME = AppIcon;
				CODE_SIGN_STYLE = Automatic;
				INFOPLIST_FILE = TabBarVC/Info.plist;
				LD_RUNPATH_SEARCH_PATHS = (
					"$(inherited)",
					"@executable_path/Frameworks",
				);
				PRODUCT_BUNDLE_IDENTIFIER = com.pingwang.TabBarVC;
				PRODUCT_NAME = "$(TARGET_NAME)";
				TARGETED_DEVICE_FAMILY = "1,2";
			};
			name = Release;
		};
/* End XCBuildConfiguration section */

/* Begin XCConfigurationList section */
		8288934D20FCA5B000E0D759 /* Build configuration list for PBXProject "TabBarVC" */ = {
			isa = XCConfigurationList;
			buildConfigurations = (
				8288936620FCA5B100E0D759 /* Debug */,
				8288936720FCA5B100E0D759 /* Release */,
			);
			defaultConfigurationIsVisible = 0;
			defaultConfigurationName = Release;
		};
		8288936820FCA5B100E0D759 /* Build configuration list for PBXNativeTarget "TabBarVC" */ = {
			isa = XCConfigurationList;
			buildConfigurations = (
				8288936920FCA5B100E0D759 /* Debug */,
				8288936A20FCA5B100E0D759 /* Release */,
			);
			defaultConfigurationIsVisible = 0;
			defaultConfigurationName = Release;
		};
/* End XCConfigurationList section */
	};
	rootObject = 8288934A20FCA5B000E0D759 /* Project object */;
}
