// !$*UTF8*$!
{
	archiveVersion = 1;
	classes = {
	};
	objectVersion = 48;
	objects = {

/* Begin PBXBuildFile section */
		8272B2B22086E16300459B53 /* AppDelegate.m in Sources */ = {isa = PBXBuildFile; fileRef = 8272B2B12086E16300459B53 /* AppDelegate.m */; };
		8272B2B52086E16300459B53 /* ViewController.m in Sources */ = {isa = PBXBuildFile; fileRef = 8272B2B42086E16300459B53 /* ViewController.m */; };
		8272B2B82086E16300459B53 /* Main.storyboard in Resources */ = {isa = PBXBuildFile; fileRef = 8272B2B62086E16300459B53 /* Main.storyboard */; };
		8272B2BA2086E16300459B53 /* Assets.xcassets in Resources */ = {isa = PBXBuildFile; fileRef = 8272B2B92086E16300459B53 /* Assets.xcassets */; };
		8272B2BD2086E16300459B53 /* LaunchScreen.storyboard in Resources */ = {isa = PBXBuildFile; fileRef = 8272B2BB2086E16300459B53 /* LaunchScreen.storyboard */; };
		8272B2C02086E16300459B53 /* main.m in Sources */ = {isa = PBXBuildFile; fileRef = 8272B2BF2086E16300459B53 /* main.m */; };
/* End PBXBuildFile section */

/* Begin PBXFileReference section */
		8272B2AD2086E16300459B53 /* 0007. 根据蓝牙信号强度RSSI计算距离.app */ = {isa = PBXFileReference; explicitFileType = wrapper.application; includeInIndex = 0; path = "0007. 根据蓝牙信号强度RSSI计算距离.app"; sourceTree = BUILT_PRODUCTS_DIR; };
		8272B2B02086E16300459B53 /* AppDelegate.h */ = {isa = PBXFileReference; lastKnownFileType = sourcecode.c.h; path = AppDelegate.h; sourceTree = "<group>"; };
		8272B2B12086E16300459B53 /* AppDelegate.m */ = {isa = PBXFileReference; lastKnownFileType = sourcecode.c.objc; path = AppDelegate.m; sourceTree = "<group>"; };
		8272B2B32086E16300459B53 /* ViewController.h */ = {isa = PBXFileReference; lastKnownFileType = sourcecode.c.h; path = ViewController.h; sourceTree = "<group>"; };
		8272B2B42086E16300459B53 /* ViewController.m */ = {isa = PBXFileReference; lastKnownFileType = sourcecode.c.objc; path = ViewController.m; sourceTree = "<group>"; };
		8272B2B72086E16300459B53 /* Base */ = {isa = PBXFileReference; lastKnownFileType = file.storyboard; name = Base; path = Base.lproj/Main.storyboard; sourceTree = "<group>"; };
		8272B2B92086E16300459B53 /* Assets.xcassets */ = {isa = PBXFileReference; lastKnownFileType = folder.assetcatalog; path = Assets.xcassets; sourceTree = "<group>"; };
		8272B2BC2086E16300459B53 /* Base */ = {isa = PBXFileReference; lastKnownFileType = file.storyboard; name = Base; path = Base.lproj/LaunchScreen.storyboard; sourceTree = "<group>"; };
		8272B2BE2086E16300459B53 /* Info.plist */ = {isa = PBXFileReference; lastKnownFileType = text.plist.xml; path = Info.plist; sourceTree = "<group>"; };
		8272B2BF2086E16300459B53 /* main.m */ = {isa = PBXFileReference; lastKnownFileType = sourcecode.c.objc; path = main.m; sourceTree = "<group>"; };
/* End PBXFileReference section */

/* Begin PBXFrameworksBuildPhase section */
		8272B2AA2086E16300459B53 /* Frameworks */ = {
			isa = PBXFrameworksBuildPhase;
			buildActionMask = 2147483647;
			files = (
			);
			runOnlyForDeploymentPostprocessing = 0;
		};
/* End PBXFrameworksBuildPhase section */

/* Begin PBXGroup section */
		8272B2A42086E16300459B53 = {
			isa = PBXGroup;
			children = (
				8272B2AF2086E16300459B53 /* 0007. 根据蓝牙信号强度RSSI计算距离 */,
				8272B2AE2086E16300459B53 /* Products */,
			);
			sourceTree = "<group>";
		};
		8272B2AE2086E16300459B53 /* Products */ = {
			isa = PBXGroup;
			children = (
				8272B2AD2086E16300459B53 /* 0007. 根据蓝牙信号强度RSSI计算距离.app */,
			);
			name = Products;
			sourceTree = "<group>";
		};
		8272B2AF2086E16300459B53 /* 0007. 根据蓝牙信号强度RSSI计算距离 */ = {
			isa = PBXGroup;
			children = (
				8272B2B02086E16300459B53 /* AppDelegate.h */,
				8272B2B12086E16300459B53 /* AppDelegate.m */,
				8272B2B32086E16300459B53 /* ViewController.h */,
				8272B2B42086E16300459B53 /* ViewController.m */,
				8272B2B62086E16300459B53 /* Main.storyboard */,
				8272B2B92086E16300459B53 /* Assets.xcassets */,
				8272B2BB2086E16300459B53 /* LaunchScreen.storyboard */,
				8272B2BE2086E16300459B53 /* Info.plist */,
				8272B2BF2086E16300459B53 /* main.m */,
			);
			path = "0007. 根据蓝牙信号强度RSSI计算距离";
			sourceTree = "<group>";
		};
/* End PBXGroup section */

/* Begin PBXNativeTarget section */
		8272B2AC2086E16300459B53 /* 0007. 根据蓝牙信号强度RSSI计算距离 */ = {
			isa = PBXNativeTarget;
			buildConfigurationList = 8272B2C32086E16300459B53 /* Build configuration list for PBXNativeTarget "0007. 根据蓝牙信号强度RSSI计算距离" */;
			buildPhases = (
				8272B2A92086E16300459B53 /* Sources */,
				8272B2AA2086E16300459B53 /* Frameworks */,
				8272B2AB2086E16300459B53 /* Resources */,
			);
			buildRules = (
			);
			dependencies = (
			);
			name = "0007. 根据蓝牙信号强度RSSI计算距离";
			productName = "0007. 根据蓝牙信号强度RSSI计算距离";
			productReference = 8272B2AD2086E16300459B53 /* 0007. 根据蓝牙信号强度RSSI计算距离.app */;
			productType = "com.apple.product-type.application";
		};
/* End PBXNativeTarget section */

/* Begin PBXProject section */
		8272B2A52086E16300459B53 /* Project object */ = {
			isa = PBXProject;
			attributes = {
				LastUpgradeCheck = 0920;
				ORGANIZATIONNAME = iot_iMac;
				TargetAttributes = {
					8272B2AC2086E16300459B53 = {
						CreatedOnToolsVersion = 9.2;
						ProvisioningStyle = Automatic;
					};
				};
			};
			buildConfigurationList = 8272B2A82086E16300459B53 /* Build configuration list for PBXProject "0007. 根据蓝牙信号强度RSSI计算距离" */;
			compatibilityVersion = "Xcode 8.0";
			developmentRegion = en;
			hasScannedForEncodings = 0;
			knownRegions = (
				en,
				Base,
			);
			mainGroup = 8272B2A42086E16300459B53;
			productRefGroup = 8272B2AE2086E16300459B53 /* Products */;
			projectDirPath = "";
			projectRoot = "";
			targets = (
				8272B2AC2086E16300459B53 /* 0007. 根据蓝牙信号强度RSSI计算距离 */,
			);
		};
/* End PBXProject section */

/* Begin PBXResourcesBuildPhase section */
		8272B2AB2086E16300459B53 /* Resources */ = {
			isa = PBXResourcesBuildPhase;
			buildActionMask = 2147483647;
			files = (
				8272B2BD2086E16300459B53 /* LaunchScreen.storyboard in Resources */,
				8272B2BA2086E16300459B53 /* Assets.xcassets in Resources */,
				8272B2B82086E16300459B53 /* Main.storyboard in Resources */,
			);
			runOnlyForDeploymentPostprocessing = 0;
		};
/* End PBXResourcesBuildPhase section */

/* Begin PBXSourcesBuildPhase section */
		8272B2A92086E16300459B53 /* Sources */ = {
			isa = PBXSourcesBuildPhase;
			buildActionMask = 2147483647;
			files = (
				8272B2B52086E16300459B53 /* ViewController.m in Sources */,
				8272B2C02086E16300459B53 /* main.m in Sources */,
				8272B2B22086E16300459B53 /* AppDelegate.m in Sources */,
			);
			runOnlyForDeploymentPostprocessing = 0;
		};
/* End PBXSourcesBuildPhase section */

/* Begin PBXVariantGroup section */
		8272B2B62086E16300459B53 /* Main.storyboard */ = {
			isa = PBXVariantGroup;
			children = (
				8272B2B72086E16300459B53 /* Base */,
			);
			name = Main.storyboard;
			sourceTree = "<group>";
		};
		8272B2BB2086E16300459B53 /* LaunchScreen.storyboard */ = {
			isa = PBXVariantGroup;
			children = (
				8272B2BC2086E16300459B53 /* Base */,
			);
			name = LaunchScreen.storyboard;
			sourceTree = "<group>";
		};
/* End PBXVariantGroup section */

/* Begin XCBuildConfiguration section */
		8272B2C12086E16300459B53 /* Debug */ = {
			isa = XCBuildConfiguration;
			buildSettings = {
				ALWAYS_SEARCH_USER_PATHS = NO;
				CLANG_ANALYZER_NONNULL = YES;
				CLANG_ANALYZER_NUMBER_OBJECT_CONVERSION = YES_AGGRESSIVE;
				CLANG_CXX_LANGUAGE_STANDARD = "gnu++14";
				CLANG_CXX_LIBRARY = "libc++";
				CLANG_ENABLE_MODULES = YES;
				CLANG_ENABLE_OBJC_ARC = YES;
				CLANG_WARN_BLOCK_CAPTURE_AUTORELEASING = YES;
				CLANG_WARN_BOOL_CONVERSION = YES;
				CLANG_WARN_COMMA = YES;
				CLANG_WARN_CONSTANT_CONVERSION = YES;
				CLANG_WARN_DIRECT_OBJC_ISA_USAGE = YES_ERROR;
				CLANG_WARN_DOCUMENTATION_COMMENTS = YES;
				CLANG_WARN_EMPTY_BODY = YES;
				CLANG_WARN_ENUM_CONVERSION = YES;
				CLANG_WARN_INFINITE_RECURSION = YES;
				CLANG_WARN_INT_CONVERSION = YES;
				CLANG_WARN_NON_LITERAL_NULL_CONVERSION = YES;
				CLANG_WARN_OBJC_LITERAL_CONVERSION = YES;
				CLANG_WARN_OBJC_ROOT_CLASS = YES_ERROR;
				CLANG_WARN_RANGE_LOOP_ANALYSIS = YES;
				CLANG_WARN_STRICT_PROTOTYPES = YES;
				CLANG_WARN_SUSPICIOUS_MOVE = YES;
				CLANG_WARN_UNGUARDED_AVAILABILITY = YES_AGGRESSIVE;
				CLANG_WARN_UNREACHABLE_CODE = YES;
				CLANG_WARN__DUPLICATE_METHOD_MATCH = YES;
				CODE_SIGN_IDENTITY = "iPhone Developer";
				COPY_PHASE_STRIP = NO;
				DEBUG_INFORMATION_FORMAT = dwarf;
				ENABLE_STRICT_OBJC_MSGSEND = YES;
				ENABLE_TESTABILITY = YES;
				GCC_C_LANGUAGE_STANDARD = gnu11;
				GCC_DYNAMIC_NO_PIC = NO;
				GCC_NO_COMMON_BLOCKS = YES;
				GCC_OPTIMIZATION_LEVEL = 0;
				GCC_PREPROCESSOR_DEFINITIONS = (
					"DEBUG=1",
					"$(inherited)",
				);
				GCC_WARN_64_TO_32_BIT_CONVERSION = YES;
				GCC_WARN_ABOUT_RETURN_TYPE = YES_ERROR;
				GCC_WARN_UNDECLARED_SELECTOR = YES;
				GCC_WARN_UNINITIALIZED_AUTOS = YES_AGGRESSIVE;
				GCC_WARN_UNUSED_FUNCTION = YES;
				GCC_WARN_UNUSED_VARIABLE = YES;
				IPHONEOS_DEPLOYMENT_TARGET = 11.2;
				MTL_ENABLE_DEBUG_INFO = YES;
				ONLY_ACTIVE_ARCH = YES;
				SDKROOT = iphoneos;
			};
			name = Debug;
		};
		8272B2C22086E16300459B53 /* Release */ = {
			isa = XCBuildConfiguration;
			buildSettings = {
				ALWAYS_SEARCH_USER_PATHS = NO;
				CLANG_ANALYZER_NONNULL = YES;
				CLANG_ANALYZER_NUMBER_OBJECT_CONVERSION = YES_AGGRESSIVE;
				CLANG_CXX_LANGUAGE_STANDARD = "gnu++14";
				CLANG_CXX_LIBRARY = "libc++";
				CLANG_ENABLE_MODULES = YES;
				CLANG_ENABLE_OBJC_ARC = YES;
				CLANG_WARN_BLOCK_CAPTURE_AUTORELEASING = YES;
				CLANG_WARN_BOOL_CONVERSION = YES;
				CLANG_WARN_COMMA = YES;
				CLANG_WARN_CONSTANT_CONVERSION = YES;
				CLANG_WARN_DIRECT_OBJC_ISA_USAGE = YES_ERROR;
				CLANG_WARN_DOCUMENTATION_COMMENTS = YES;
				CLANG_WARN_EMPTY_BODY = YES;
				CLANG_WARN_ENUM_CONVERSION = YES;
				CLANG_WARN_INFINITE_RECURSION = YES;
				CLANG_WARN_INT_CONVERSION = YES;
				CLANG_WARN_NON_LITERAL_NULL_CONVERSION = YES;
				CLANG_WARN_OBJC_LITERAL_CONVERSION = YES;
				CLANG_WARN_OBJC_ROOT_CLASS = YES_ERROR;
				CLANG_WARN_RANGE_LOOP_ANALYSIS = YES;
				CLANG_WARN_STRICT_PROTOTYPES = YES;
				CLANG_WARN_SUSPICIOUS_MOVE = YES;
				CLANG_WARN_UNGUARDED_AVAILABILITY = YES_AGGRESSIVE;
				CLANG_WARN_UNREACHABLE_CODE = YES;
				CLANG_WARN__DUPLICATE_METHOD_MATCH = YES;
				CODE_SIGN_IDENTITY = "iPhone Developer";
				COPY_PHASE_STRIP = NO;
				DEBUG_INFORMATION_FORMAT = "dwarf-with-dsym";
				ENABLE_NS_ASSERTIONS = NO;
				ENABLE_STRICT_OBJC_MSGSEND = YES;
				GCC_C_LANGUAGE_STANDARD = gnu11;
				GCC_NO_COMMON_BLOCKS = YES;
				GCC_WARN_64_TO_32_BIT_CONVERSION = YES;
				GCC_WARN_ABOUT_RETURN_TYPE = YES_ERROR;
				GCC_WARN_UNDECLARED_SELECTOR = YES;
				GCC_WARN_UNINITIALIZED_AUTOS = YES_AGGRESSIVE;
				GCC_WARN_UNUSED_FUNCTION = YES;
				GCC_WARN_UNUSED_VARIABLE = YES;
				IPHONEOS_DEPLOYMENT_TARGET = 11.2;
				MTL_ENABLE_DEBUG_INFO = NO;
				SDKROOT = iphoneos;
				VALIDATE_PRODUCT = YES;
			};
			name = Release;
		};
		8272B2C42086E16300459B53 /* Debug */ = {
			isa = XCBuildConfiguration;
			buildSettings = {
				ASSETCATALOG_COMPILER_APPICON_NAME = AppIcon;
				CODE_SIGN_STYLE = Automatic;
				INFOPLIST_FILE = "0007. 根据蓝牙信号强度RSSI计算距离/Info.plist";
				LD_RUNPATH_SEARCH_PATHS = "$(inherited) @executable_path/Frameworks";
				PRODUCT_BUNDLE_IDENTIFIER = "com.pingwang.-007----------RSSI----";
				PRODUCT_NAME = "$(TARGET_NAME)";
				TARGETED_DEVICE_FAMILY = "1,2";
			};
			name = Debug;
		};
		8272B2C52086E16300459B53 /* Release */ = {
			isa = XCBuildConfiguration;
			buildSettings = {
				ASSETCATALOG_COMPILER_APPICON_NAME = AppIcon;
				CODE_SIGN_STYLE = Automatic;
				INFOPLIST_FILE = "0007. 根据蓝牙信号强度RSSI计算距离/Info.plist";
				LD_RUNPATH_SEARCH_PATHS = "$(inherited) @executable_path/Frameworks";
				PRODUCT_BUNDLE_IDENTIFIER = "com.pingwang.-007----------RSSI----";
				PRODUCT_NAME = "$(TARGET_NAME)";
				TARGETED_DEVICE_FAMILY = "1,2";
			};
			name = Release;
		};
/* End XCBuildConfiguration section */

/* Begin XCConfigurationList section */
		8272B2A82086E16300459B53 /* Build configuration list for PBXProject "0007. 根据蓝牙信号强度RSSI计算距离" */ = {
			isa = XCConfigurationList;
			buildConfigurations = (
				8272B2C12086E16300459B53 /* Debug */,
				8272B2C22086E16300459B53 /* Release */,
			);
			defaultConfigurationIsVisible = 0;
			defaultConfigurationName = Release;
		};
		8272B2C32086E16300459B53 /* Build configuration list for PBXNativeTarget "0007. 根据蓝牙信号强度RSSI计算距离" */ = {
			isa = XCConfigurationList;
			buildConfigurations = (
				8272B2C42086E16300459B53 /* Debug */,
				8272B2C52086E16300459B53 /* Release */,
			);
			defaultConfigurationIsVisible = 0;
			defaultConfigurationName = Release;
		};
/* End XCConfigurationList section */
	};
	rootObject = 8272B2A52086E16300459B53 /* Project object */;
}
