// !$*UTF8*$!
{
	archiveVersion = 1;
	classes = {
	};
	objectVersion = 50;
	objects = {

/* Begin PBXBuildFile section */
		829656D821ACF6E600C3578F /* AppDelegate.m in Sources */ = {isa = PBXBuildFile; fileRef = 829656D721ACF6E600C3578F /* AppDelegate.m */; };
		829656DB21ACF6E600C3578F /* ViewController.m in Sources */ = {isa = PBXBuildFile; fileRef = 829656DA21ACF6E600C3578F /* ViewController.m */; };
		829656DE21ACF6E600C3578F /* Main.storyboard in Resources */ = {isa = PBXBuildFile; fileRef = 829656DC21ACF6E600C3578F /* Main.storyboard */; };
		829656E021ACF6E700C3578F /* Assets.xcassets in Resources */ = {isa = PBXBuildFile; fileRef = 829656DF21ACF6E700C3578F /* Assets.xcassets */; };
		829656E321ACF6E700C3578F /* LaunchScreen.storyboard in Resources */ = {isa = PBXBuildFile; fileRef = 829656E121ACF6E700C3578F /* LaunchScreen.storyboard */; };
		829656E621ACF6E700C3578F /* main.m in Sources */ = {isa = PBXBuildFile; fileRef = 829656E521ACF6E700C3578F /* main.m */; };
/* End PBXBuildFile section */

/* Begin PBXFileReference section */
		829656D321ACF6E600C3578F /* TestArray.app */ = {isa = PBXFileReference; explicitFileType = wrapper.application; includeInIndex = 0; path = TestArray.app; sourceTree = BUILT_PRODUCTS_DIR; };
		829656D621ACF6E600C3578F /* AppDelegate.h */ = {isa = PBXFileReference; lastKnownFileType = sourcecode.c.h; path = AppDelegate.h; sourceTree = "<group>"; };
		829656D721ACF6E600C3578F /* AppDelegate.m */ = {isa = PBXFileReference; lastKnownFileType = sourcecode.c.objc; path = AppDelegate.m; sourceTree = "<group>"; };
		829656D921ACF6E600C3578F /* ViewController.h */ = {isa = PBXFileReference; lastKnownFileType = sourcecode.c.h; path = ViewController.h; sourceTree = "<group>"; };
		829656DA21ACF6E600C3578F /* ViewController.m */ = {isa = PBXFileReference; lastKnownFileType = sourcecode.c.objc; path = ViewController.m; sourceTree = "<group>"; };
		829656DD21ACF6E600C3578F /* Base */ = {isa = PBXFileReference; lastKnownFileType = file.storyboard; name = Base; path = Base.lproj/Main.storyboard; sourceTree = "<group>"; };
		829656DF21ACF6E700C3578F /* Assets.xcassets */ = {isa = PBXFileReference; lastKnownFileType = folder.assetcatalog; path = Assets.xcassets; sourceTree = "<group>"; };
		829656E221ACF6E700C3578F /* Base */ = {isa = PBXFileReference; lastKnownFileType = file.storyboard; name = Base; path = Base.lproj/LaunchScreen.storyboard; sourceTree = "<group>"; };
		829656E421ACF6E700C3578F /* Info.plist */ = {isa = PBXFileReference; lastKnownFileType = text.plist.xml; path = Info.plist; sourceTree = "<group>"; };
		829656E521ACF6E700C3578F /* main.m */ = {isa = PBXFileReference; lastKnownFileType = sourcecode.c.objc; path = main.m; sourceTree = "<group>"; };
/* End PBXFileReference section */

/* Begin PBXFrameworksBuildPhase section */
		829656D021ACF6E600C3578F /* Frameworks */ = {
			isa = PBXFrameworksBuildPhase;
			buildActionMask = 2147483647;
			files = (
			);
			runOnlyForDeploymentPostprocessing = 0;
		};
/* End PBXFrameworksBuildPhase section */

/* Begin PBXGroup section */
		829656CA21ACF6E600C3578F = {
			isa = PBXGroup;
			children = (
				829656D521ACF6E600C3578F /* TestArray */,
				829656D421ACF6E600C3578F /* Products */,
			);
			sourceTree = "<group>";
		};
		829656D421ACF6E600C3578F /* Products */ = {
			isa = PBXGroup;
			children = (
				829656D321ACF6E600C3578F /* TestArray.app */,
			);
			name = Products;
			sourceTree = "<group>";
		};
		829656D521ACF6E600C3578F /* TestArray */ = {
			isa = PBXGroup;
			children = (
				829656D621ACF6E600C3578F /* AppDelegate.h */,
				829656D721ACF6E600C3578F /* AppDelegate.m */,
				829656D921ACF6E600C3578F /* ViewController.h */,
				829656DA21ACF6E600C3578F /* ViewController.m */,
				829656DC21ACF6E600C3578F /* Main.storyboard */,
				829656DF21ACF6E700C3578F /* Assets.xcassets */,
				829656E121ACF6E700C3578F /* LaunchScreen.storyboard */,
				829656E421ACF6E700C3578F /* Info.plist */,
				829656E521ACF6E700C3578F /* main.m */,
			);
			path = TestArray;
			sourceTree = "<group>";
		};
/* End PBXGroup section */

/* Begin PBXNativeTarget section */
		829656D221ACF6E600C3578F /* TestArray */ = {
			isa = PBXNativeTarget;
			buildConfigurationList = 829656E921ACF6E700C3578F /* Build configuration list for PBXNativeTarget "TestArray" */;
			buildPhases = (
				829656CF21ACF6E600C3578F /* Sources */,
				829656D021ACF6E600C3578F /* Frameworks */,
				829656D121ACF6E600C3578F /* Resources */,
			);
			buildRules = (
			);
			dependencies = (
			);
			name = TestArray;
			productName = TestArray;
			productReference = 829656D321ACF6E600C3578F /* TestArray.app */;
			productType = "com.apple.product-type.application";
		};
/* End PBXNativeTarget section */

/* Begin PBXProject section */
		829656CB21ACF6E600C3578F /* Project object */ = {
			isa = PBXProject;
			attributes = {
				LastUpgradeCheck = 0940;
				ORGANIZATIONNAME = iot_iMac;
				TargetAttributes = {
					829656D221ACF6E600C3578F = {
						CreatedOnToolsVersion = 9.4;
					};
				};
			};
			buildConfigurationList = 829656CE21ACF6E600C3578F /* Build configuration list for PBXProject "TestArray" */;
			compatibilityVersion = "Xcode 9.3";
			developmentRegion = en;
			hasScannedForEncodings = 0;
			knownRegions = (
				en,
				Base,
			);
			mainGroup = 829656CA21ACF6E600C3578F;
			productRefGroup = 829656D421ACF6E600C3578F /* Products */;
			projectDirPath = "";
			projectRoot = "";
			targets = (
				829656D221ACF6E600C3578F /* TestArray */,
			);
		};
/* End PBXProject section */

/* Begin PBXResourcesBuildPhase section */
		829656D121ACF6E600C3578F /* Resources */ = {
			isa = PBXResourcesBuildPhase;
			buildActionMask = 2147483647;
			files = (
				829656E321ACF6E700C3578F /* LaunchScreen.storyboard in Resources */,
				829656E021ACF6E700C3578F /* Assets.xcassets in Resources */,
				829656DE21ACF6E600C3578F /* Main.storyboard in Resources */,
			);
			runOnlyForDeploymentPostprocessing = 0;
		};
/* End PBXResourcesBuildPhase section */

/* Begin PBXSourcesBuildPhase section */
		829656CF21ACF6E600C3578F /* Sources */ = {
			isa = PBXSourcesBuildPhase;
			buildActionMask = 2147483647;
			files = (
				829656DB21ACF6E600C3578F /* ViewController.m in Sources */,
				829656E621ACF6E700C3578F /* main.m in Sources */,
				829656D821ACF6E600C3578F /* AppDelegate.m in Sources */,
			);
			runOnlyForDeploymentPostprocessing = 0;
		};
/* End PBXSourcesBuildPhase section */

/* Begin PBXVariantGroup section */
		829656DC21ACF6E600C3578F /* Main.storyboard */ = {
			isa = PBXVariantGroup;
			children = (
				829656DD21ACF6E600C3578F /* Base */,
			);
			name = Main.storyboard;
			sourceTree = "<group>";
		};
		829656E121ACF6E700C3578F /* LaunchScreen.storyboard */ = {
			isa = PBXVariantGroup;
			children = (
				829656E221ACF6E700C3578F /* Base */,
			);
			name = LaunchScreen.storyboard;
			sourceTree = "<group>";
		};
/* End PBXVariantGroup section */

/* Begin XCBuildConfiguration section */
		829656E721ACF6E700C3578F /* Debug */ = {
			isa = XCBuildConfiguration;
			buildSettings = {
				ALWAYS_SEARCH_USER_PATHS = NO;
				CLANG_ANALYZER_NONNULL = YES;
				CLANG_ANALYZER_NUMBER_OBJECT_CONVERSION = YES_AGGRESSIVE;
				CLANG_CXX_LANGUAGE_STANDARD = "gnu++14";
				CLANG_CXX_LIBRARY = "libc++";
				CLANG_ENABLE_MODULES = YES;
				CLANG_ENABLE_OBJC_ARC = YES;
				CLANG_ENABLE_OBJC_WEAK = YES;
				CLANG_WARN_BLOCK_CAPTURE_AUTORELEASING = YES;
				CLANG_WARN_BOOL_CONVERSION = YES;
				CLANG_WARN_COMMA = YES;
				CLANG_WARN_CONSTANT_CONVERSION = YES;
				CLANG_WARN_DEPRECATED_OBJC_IMPLEMENTATIONS = YES;
				CLANG_WARN_DIRECT_OBJC_ISA_USAGE = YES_ERROR;
				CLANG_WARN_DOCUMENTATION_COMMENTS = YES;
				CLANG_WARN_EMPTY_BODY = YES;
				CLANG_WARN_ENUM_CONVERSION = YES;
				CLANG_WARN_INFINITE_RECURSION = YES;
				CLANG_WARN_INT_CONVERSION = YES;
				CLANG_WARN_NON_LITERAL_NULL_CONVERSION = YES;
				CLANG_WARN_OBJC_IMPLICIT_RETAIN_SELF = YES;
				CLANG_WARN_OBJC_LITERAL_CONVERSION = YES;
				CLANG_WARN_OBJC_ROOT_CLASS = YES_ERROR;
				CLANG_WARN_RANGE_LOOP_ANALYSIS = YES;
				CLANG_WARN_STRICT_PROTOTYPES = YES;
				CLANG_WARN_SUSPICIOUS_MOVE = YES;
				CLANG_WARN_UNGUARDED_AVAILABILITY = YES_AGGRESSIVE;
				CLANG_WARN_UNREACHABLE_CODE = YES;
				CLANG_WARN__DUPLICATE_METHOD_MATCH = YES;
				CODE_SIGN_IDENTITY = "iPhone Developer";
				COPY_PHASE_STRIP = NO;
				DEBUG_INFORMATION_FORMAT = dwarf;
				ENABLE_STRICT_OBJC_MSGSEND = YES;
				ENABLE_TESTABILITY = YES;
				GCC_C_LANGUAGE_STANDARD = gnu11;
				GCC_DYNAMIC_NO_PIC = NO;
				GCC_NO_COMMON_BLOCKS = YES;
				GCC_OPTIMIZATION_LEVEL = 0;
				GCC_PREPROCESSOR_DEFINITIONS = (
					"DEBUG=1",
					"$(inherited)",
				);
				GCC_WARN_64_TO_32_BIT_CONVERSION = YES;
				GCC_WARN_ABOUT_RETURN_TYPE = YES_ERROR;
				GCC_WARN_UNDECLARED_SELECTOR = YES;
				GCC_WARN_UNINITIALIZED_AUTOS = YES_AGGRESSIVE;
				GCC_WARN_UNUSED_FUNCTION = YES;
				GCC_WARN_UNUSED_VARIABLE = YES;
				IPHONEOS_DEPLOYMENT_TARGET = 11.4;
				MTL_ENABLE_DEBUG_INFO = YES;
				ONLY_ACTIVE_ARCH = YES;
				SDKROOT = iphoneos;
			};
			name = Debug;
		};
		829656E821ACF6E700C3578F /* Release */ = {
			isa = XCBuildConfiguration;
			buildSettings = {
				ALWAYS_SEARCH_USER_PATHS = NO;
				CLANG_ANALYZER_NONNULL = YES;
				CLANG_ANALYZER_NUMBER_OBJECT_CONVERSION = YES_AGGRESSIVE;
				CLANG_CXX_LANGUAGE_STANDARD = "gnu++14";
				CLANG_CXX_LIBRARY = "libc++";
				CLANG_ENABLE_MODULES = YES;
				CLANG_ENABLE_OBJC_ARC = YES;
				CLANG_ENABLE_OBJC_WEAK = YES;
				CLANG_WARN_BLOCK_CAPTURE_AUTORELEASING = YES;
				CLANG_WARN_BOOL_CONVERSION = YES;
				CLANG_WARN_COMMA = YES;
				CLANG_WARN_CONSTANT_CONVERSION = YES;
				CLANG_WARN_DEPRECATED_OBJC_IMPLEMENTATIONS = YES;
				CLANG_WARN_DIRECT_OBJC_ISA_USAGE = YES_ERROR;
				CLANG_WARN_DOCUMENTATION_COMMENTS = YES;
				CLANG_WARN_EMPTY_BODY = YES;
				CLANG_WARN_ENUM_CONVERSION = YES;
				CLANG_WARN_INFINITE_RECURSION = YES;
				CLANG_WARN_INT_CONVERSION = YES;
				CLANG_WARN_NON_LITERAL_NULL_CONVERSION = YES;
				CLANG_WARN_OBJC_IMPLICIT_RETAIN_SELF = YES;
				CLANG_WARN_OBJC_LITERAL_CONVERSION = YES;
				CLANG_WARN_OBJC_ROOT_CLASS = YES_ERROR;
				CLANG_WARN_RANGE_LOOP_ANALYSIS = YES;
				CLANG_WARN_STRICT_PROTOTYPES = YES;
				CLANG_WARN_SUSPICIOUS_MOVE = YES;
				CLANG_WARN_UNGUARDED_AVAILABILITY = YES_AGGRESSIVE;
				CLANG_WARN_UNREACHABLE_CODE = YES;
				CLANG_WARN__DUPLICATE_METHOD_MATCH = YES;
				CODE_SIGN_IDENTITY = "iPhone Developer";
				COPY_PHASE_STRIP = NO;
				DEBUG_INFORMATION_FORMAT = "dwarf-with-dsym";
				ENABLE_NS_ASSERTIONS = NO;
				ENABLE_STRICT_OBJC_MSGSEND = YES;
				GCC_C_LANGUAGE_STANDARD = gnu11;
				GCC_NO_COMMON_BLOCKS = YES;
				GCC_WARN_64_TO_32_BIT_CONVERSION = YES;
				GCC_WARN_ABOUT_RETURN_TYPE = YES_ERROR;
				GCC_WARN_UNDECLARED_SELECTOR = YES;
				GCC_WARN_UNINITIALIZED_AUTOS = YES_AGGRESSIVE;
				GCC_WARN_UNUSED_FUNCTION = YES;
				GCC_WARN_UNUSED_VARIABLE = YES;
				IPHONEOS_DEPLOYMENT_TARGET = 11.4;
				MTL_ENABLE_DEBUG_INFO = NO;
				SDKROOT = iphoneos;
				VALIDATE_PRODUCT = YES;
			};
			name = Release;
		};
		829656EA21ACF6E700C3578F /* Debug */ = {
			isa = XCBuildConfiguration;
			buildSettings = {
				ASSETCATALOG_COMPILER_APPICON_NAME = AppIcon;
				CODE_SIGN_STYLE = Automatic;
				DEVELOPMENT_TEAM = YEU77XR292;
				INFOPLIST_FILE = TestArray/Info.plist;
				LD_RUNPATH_SEARCH_PATHS = (
					"$(inherited)",
					"@executable_path/Frameworks",
				);
				PRODUCT_BUNDLE_IDENTIFIER = com.pingwang.TestArray;
				PRODUCT_NAME = "$(TARGET_NAME)";
				TARGETED_DEVICE_FAMILY = "1,2";
			};
			name = Debug;
		};
		829656EB21ACF6E700C3578F /* Release */ = {
			isa = XCBuildConfiguration;
			buildSettings = {
				ASSETCATALOG_COMPILER_APPICON_NAME = AppIcon;
				CODE_SIGN_STYLE = Automatic;
				DEVELOPMENT_TEAM = YEU77XR292;
				INFOPLIST_FILE = TestArray/Info.plist;
				LD_RUNPATH_SEARCH_PATHS = (
					"$(inherited)",
					"@executable_path/Frameworks",
				);
				PRODUCT_BUNDLE_IDENTIFIER = com.pingwang.TestArray;
				PRODUCT_NAME = "$(TARGET_NAME)";
				TARGETED_DEVICE_FAMILY = "1,2";
			};
			name = Release;
		};
/* End XCBuildConfiguration section */

/* Begin XCConfigurationList section */
		829656CE21ACF6E600C3578F /* Build configuration list for PBXProject "TestArray" */ = {
			isa = XCConfigurationList;
			buildConfigurations = (
				829656E721ACF6E700C3578F /* Debug */,
				829656E821ACF6E700C3578F /* Release */,
			);
			defaultConfigurationIsVisible = 0;
			defaultConfigurationName = Release;
		};
		829656E921ACF6E700C3578F /* Build configuration list for PBXNativeTarget "TestArray" */ = {
			isa = XCConfigurationList;
			buildConfigurations = (
				829656EA21ACF6E700C3578F /* Debug */,
				829656EB21ACF6E700C3578F /* Release */,
			);
			defaultConfigurationIsVisible = 0;
			defaultConfigurationName = Release;
		};
/* End XCConfigurationList section */
	};
	rootObject = 829656CB21ACF6E600C3578F /* Project object */;
}
