// !$*UTF8*$!
{
	archiveVersion = 1;
	classes = {
	};
	objectVersion = 50;
	objects = {

/* Begin PBXBuildFile section */
		824D6E6921B926ED00FF637A /* AppDelegate.m in Sources */ = {isa = PBXBuildFile; fileRef = 824D6E6821B926ED00FF637A /* AppDelegate.m */; };
		824D6E6C21B926ED00FF637A /* ViewController.m in Sources */ = {isa = PBXBuildFile; fileRef = 824D6E6B21B926ED00FF637A /* ViewController.m */; };
		824D6E6F21B926ED00FF637A /* Main.storyboard in Resources */ = {isa = PBXBuildFile; fileRef = 824D6E6D21B926ED00FF637A /* Main.storyboard */; };
		824D6E7121B926EF00FF637A /* Assets.xcassets in Resources */ = {isa = PBXBuildFile; fileRef = 824D6E7021B926EF00FF637A /* Assets.xcassets */; };
		824D6E7421B926EF00FF637A /* LaunchScreen.storyboard in Resources */ = {isa = PBXBuildFile; fileRef = 824D6E7221B926EF00FF637A /* LaunchScreen.storyboard */; };
		824D6E7721B926EF00FF637A /* main.m in Sources */ = {isa = PBXBuildFile; fileRef = 824D6E7621B926EF00FF637A /* main.m */; };
		824D6E7F21B9270100FF637A /* User.m in Sources */ = {isa = PBXBuildFile; fileRef = 824D6E7E21B9270100FF637A /* User.m */; };
/* End PBXBuildFile section */

/* Begin PBXFileReference section */
		824D6E6421B926ED00FF637A /* 可变与不可变.app */ = {isa = PBXFileReference; explicitFileType = wrapper.application; includeInIndex = 0; path = "可变与不可变.app"; sourceTree = BUILT_PRODUCTS_DIR; };
		824D6E6721B926ED00FF637A /* AppDelegate.h */ = {isa = PBXFileReference; lastKnownFileType = sourcecode.c.h; path = AppDelegate.h; sourceTree = "<group>"; };
		824D6E6821B926ED00FF637A /* AppDelegate.m */ = {isa = PBXFileReference; lastKnownFileType = sourcecode.c.objc; path = AppDelegate.m; sourceTree = "<group>"; };
		824D6E6A21B926ED00FF637A /* ViewController.h */ = {isa = PBXFileReference; lastKnownFileType = sourcecode.c.h; path = ViewController.h; sourceTree = "<group>"; };
		824D6E6B21B926ED00FF637A /* ViewController.m */ = {isa = PBXFileReference; lastKnownFileType = sourcecode.c.objc; path = ViewController.m; sourceTree = "<group>"; };
		824D6E6E21B926ED00FF637A /* Base */ = {isa = PBXFileReference; lastKnownFileType = file.storyboard; name = Base; path = Base.lproj/Main.storyboard; sourceTree = "<group>"; };
		824D6E7021B926EF00FF637A /* Assets.xcassets */ = {isa = PBXFileReference; lastKnownFileType = folder.assetcatalog; path = Assets.xcassets; sourceTree = "<group>"; };
		824D6E7321B926EF00FF637A /* Base */ = {isa = PBXFileReference; lastKnownFileType = file.storyboard; name = Base; path = Base.lproj/LaunchScreen.storyboard; sourceTree = "<group>"; };
		824D6E7521B926EF00FF637A /* Info.plist */ = {isa = PBXFileReference; lastKnownFileType = text.plist.xml; path = Info.plist; sourceTree = "<group>"; };
		824D6E7621B926EF00FF637A /* main.m */ = {isa = PBXFileReference; lastKnownFileType = sourcecode.c.objc; path = main.m; sourceTree = "<group>"; };
		824D6E7D21B9270100FF637A /* User.h */ = {isa = PBXFileReference; lastKnownFileType = sourcecode.c.h; path = User.h; sourceTree = "<group>"; };
		824D6E7E21B9270100FF637A /* User.m */ = {isa = PBXFileReference; lastKnownFileType = sourcecode.c.objc; path = User.m; sourceTree = "<group>"; };
/* End PBXFileReference section */

/* Begin PBXFrameworksBuildPhase section */
		824D6E6121B926ED00FF637A /* Frameworks */ = {
			isa = PBXFrameworksBuildPhase;
			buildActionMask = 2147483647;
			files = (
			);
			runOnlyForDeploymentPostprocessing = 0;
		};
/* End PBXFrameworksBuildPhase section */

/* Begin PBXGroup section */
		824D6E5B21B926ED00FF637A = {
			isa = PBXGroup;
			children = (
				824D6E6621B926ED00FF637A /* 可变与不可变 */,
				824D6E6521B926ED00FF637A /* Products */,
			);
			sourceTree = "<group>";
		};
		824D6E6521B926ED00FF637A /* Products */ = {
			isa = PBXGroup;
			children = (
				824D6E6421B926ED00FF637A /* 可变与不可变.app */,
			);
			name = Products;
			sourceTree = "<group>";
		};
		824D6E6621B926ED00FF637A /* 可变与不可变 */ = {
			isa = PBXGroup;
			children = (
				824D6E6721B926ED00FF637A /* AppDelegate.h */,
				824D6E6821B926ED00FF637A /* AppDelegate.m */,
				824D6E6A21B926ED00FF637A /* ViewController.h */,
				824D6E6B21B926ED00FF637A /* ViewController.m */,
				824D6E7D21B9270100FF637A /* User.h */,
				824D6E7E21B9270100FF637A /* User.m */,
				824D6E6D21B926ED00FF637A /* Main.storyboard */,
				824D6E7021B926EF00FF637A /* Assets.xcassets */,
				824D6E7221B926EF00FF637A /* LaunchScreen.storyboard */,
				824D6E7521B926EF00FF637A /* Info.plist */,
				824D6E7621B926EF00FF637A /* main.m */,
			);
			path = "可变与不可变";
			sourceTree = "<group>";
		};
/* End PBXGroup section */

/* Begin PBXNativeTarget section */
		824D6E6321B926ED00FF637A /* 可变与不可变 */ = {
			isa = PBXNativeTarget;
			buildConfigurationList = 824D6E7A21B926EF00FF637A /* Build configuration list for PBXNativeTarget "可变与不可变" */;
			buildPhases = (
				824D6E6021B926ED00FF637A /* Sources */,
				824D6E6121B926ED00FF637A /* Frameworks */,
				824D6E6221B926ED00FF637A /* Resources */,
			);
			buildRules = (
			);
			dependencies = (
			);
			name = "可变与不可变";
			productName = "可变与不可变";
			productReference = 824D6E6421B926ED00FF637A /* 可变与不可变.app */;
			productType = "com.apple.product-type.application";
		};
/* End PBXNativeTarget section */

/* Begin PBXProject section */
		824D6E5C21B926ED00FF637A /* Project object */ = {
			isa = PBXProject;
			attributes = {
				LastUpgradeCheck = 0940;
				ORGANIZATIONNAME = iot_iMac;
				TargetAttributes = {
					824D6E6321B926ED00FF637A = {
						CreatedOnToolsVersion = 9.4;
					};
				};
			};
			buildConfigurationList = 824D6E5F21B926ED00FF637A /* Build configuration list for PBXProject "可变与不可变" */;
			compatibilityVersion = "Xcode 9.3";
			developmentRegion = en;
			hasScannedForEncodings = 0;
			knownRegions = (
				en,
				Base,
			);
			mainGroup = 824D6E5B21B926ED00FF637A;
			productRefGroup = 824D6E6521B926ED00FF637A /* Products */;
			projectDirPath = "";
			projectRoot = "";
			targets = (
				824D6E6321B926ED00FF637A /* 可变与不可变 */,
			);
		};
/* End PBXProject section */

/* Begin PBXResourcesBuildPhase section */
		824D6E6221B926ED00FF637A /* Resources */ = {
			isa = PBXResourcesBuildPhase;
			buildActionMask = 2147483647;
			files = (
				824D6E7421B926EF00FF637A /* LaunchScreen.storyboard in Resources */,
				824D6E7121B926EF00FF637A /* Assets.xcassets in Resources */,
				824D6E6F21B926ED00FF637A /* Main.storyboard in Resources */,
			);
			runOnlyForDeploymentPostprocessing = 0;
		};
/* End PBXResourcesBuildPhase section */

/* Begin PBXSourcesBuildPhase section */
		824D6E6021B926ED00FF637A /* Sources */ = {
			isa = PBXSourcesBuildPhase;
			buildActionMask = 2147483647;
			files = (
				824D6E7F21B9270100FF637A /* User.m in Sources */,
				824D6E6C21B926ED00FF637A /* ViewController.m in Sources */,
				824D6E7721B926EF00FF637A /* main.m in Sources */,
				824D6E6921B926ED00FF637A /* AppDelegate.m in Sources */,
			);
			runOnlyForDeploymentPostprocessing = 0;
		};
/* End PBXSourcesBuildPhase section */

/* Begin PBXVariantGroup section */
		824D6E6D21B926ED00FF637A /* Main.storyboard */ = {
			isa = PBXVariantGroup;
			children = (
				824D6E6E21B926ED00FF637A /* Base */,
			);
			name = Main.storyboard;
			sourceTree = "<group>";
		};
		824D6E7221B926EF00FF637A /* LaunchScreen.storyboard */ = {
			isa = PBXVariantGroup;
			children = (
				824D6E7321B926EF00FF637A /* Base */,
			);
			name = LaunchScreen.storyboard;
			sourceTree = "<group>";
		};
/* End PBXVariantGroup section */

/* Begin XCBuildConfiguration section */
		824D6E7821B926EF00FF637A /* Debug */ = {
			isa = XCBuildConfiguration;
			buildSettings = {
				ALWAYS_SEARCH_USER_PATHS = NO;
				CLANG_ANALYZER_NONNULL = YES;
				CLANG_ANALYZER_NUMBER_OBJECT_CONVERSION = YES_AGGRESSIVE;
				CLANG_CXX_LANGUAGE_STANDARD = "gnu++14";
				CLANG_CXX_LIBRARY = "libc++";
				CLANG_ENABLE_MODULES = YES;
				CLANG_ENABLE_OBJC_ARC = YES;
				CLANG_ENABLE_OBJC_WEAK = YES;
				CLANG_WARN_BLOCK_CAPTURE_AUTORELEASING = YES;
				CLANG_WARN_BOOL_CONVERSION = YES;
				CLANG_WARN_COMMA = YES;
				CLANG_WARN_CONSTANT_CONVERSION = YES;
				CLANG_WARN_DEPRECATED_OBJC_IMPLEMENTATIONS = YES;
				CLANG_WARN_DIRECT_OBJC_ISA_USAGE = YES_ERROR;
				CLANG_WARN_DOCUMENTATION_COMMENTS = YES;
				CLANG_WARN_EMPTY_BODY = YES;
				CLANG_WARN_ENUM_CONVERSION = YES;
				CLANG_WARN_INFINITE_RECURSION = YES;
				CLANG_WARN_INT_CONVERSION = YES;
				CLANG_WARN_NON_LITERAL_NULL_CONVERSION = YES;
				CLANG_WARN_OBJC_IMPLICIT_RETAIN_SELF = YES;
				CLANG_WARN_OBJC_LITERAL_CONVERSION = YES;
				CLANG_WARN_OBJC_ROOT_CLASS = YES_ERROR;
				CLANG_WARN_RANGE_LOOP_ANALYSIS = YES;
				CLANG_WARN_STRICT_PROTOTYPES = YES;
				CLANG_WARN_SUSPICIOUS_MOVE = YES;
				CLANG_WARN_UNGUARDED_AVAILABILITY = YES_AGGRESSIVE;
				CLANG_WARN_UNREACHABLE_CODE = YES;
				CLANG_WARN__DUPLICATE_METHOD_MATCH = YES;
				CODE_SIGN_IDENTITY = "iPhone Developer";
				COPY_PHASE_STRIP = NO;
				DEBUG_INFORMATION_FORMAT = dwarf;
				ENABLE_STRICT_OBJC_MSGSEND = YES;
				ENABLE_TESTABILITY = YES;
				GCC_C_LANGUAGE_STANDARD = gnu11;
				GCC_DYNAMIC_NO_PIC = NO;
				GCC_NO_COMMON_BLOCKS = YES;
				GCC_OPTIMIZATION_LEVEL = 0;
				GCC_PREPROCESSOR_DEFINITIONS = (
					"DEBUG=1",
					"$(inherited)",
				);
				GCC_WARN_64_TO_32_BIT_CONVERSION = YES;
				GCC_WARN_ABOUT_RETURN_TYPE = YES_ERROR;
				GCC_WARN_UNDECLARED_SELECTOR = YES;
				GCC_WARN_UNINITIALIZED_AUTOS = YES_AGGRESSIVE;
				GCC_WARN_UNUSED_FUNCTION = YES;
				GCC_WARN_UNUSED_VARIABLE = YES;
				IPHONEOS_DEPLOYMENT_TARGET = 11.4;
				MTL_ENABLE_DEBUG_INFO = YES;
				ONLY_ACTIVE_ARCH = YES;
				SDKROOT = iphoneos;
			};
			name = Debug;
		};
		824D6E7921B926EF00FF637A /* Release */ = {
			isa = XCBuildConfiguration;
			buildSettings = {
				ALWAYS_SEARCH_USER_PATHS = NO;
				CLANG_ANALYZER_NONNULL = YES;
				CLANG_ANALYZER_NUMBER_OBJECT_CONVERSION = YES_AGGRESSIVE;
				CLANG_CXX_LANGUAGE_STANDARD = "gnu++14";
				CLANG_CXX_LIBRARY = "libc++";
				CLANG_ENABLE_MODULES = YES;
				CLANG_ENABLE_OBJC_ARC = YES;
				CLANG_ENABLE_OBJC_WEAK = YES;
				CLANG_WARN_BLOCK_CAPTURE_AUTORELEASING = YES;
				CLANG_WARN_BOOL_CONVERSION = YES;
				CLANG_WARN_COMMA = YES;
				CLANG_WARN_CONSTANT_CONVERSION = YES;
				CLANG_WARN_DEPRECATED_OBJC_IMPLEMENTATIONS = YES;
				CLANG_WARN_DIRECT_OBJC_ISA_USAGE = YES_ERROR;
				CLANG_WARN_DOCUMENTATION_COMMENTS = YES;
				CLANG_WARN_EMPTY_BODY = YES;
				CLANG_WARN_ENUM_CONVERSION = YES;
				CLANG_WARN_INFINITE_RECURSION = YES;
				CLANG_WARN_INT_CONVERSION = YES;
				CLANG_WARN_NON_LITERAL_NULL_CONVERSION = YES;
				CLANG_WARN_OBJC_IMPLICIT_RETAIN_SELF = YES;
				CLANG_WARN_OBJC_LITERAL_CONVERSION = YES;
				CLANG_WARN_OBJC_ROOT_CLASS = YES_ERROR;
				CLANG_WARN_RANGE_LOOP_ANALYSIS = YES;
				CLANG_WARN_STRICT_PROTOTYPES = YES;
				CLANG_WARN_SUSPICIOUS_MOVE = YES;
				CLANG_WARN_UNGUARDED_AVAILABILITY = YES_AGGRESSIVE;
				CLANG_WARN_UNREACHABLE_CODE = YES;
				CLANG_WARN__DUPLICATE_METHOD_MATCH = YES;
				CODE_SIGN_IDENTITY = "iPhone Developer";
				COPY_PHASE_STRIP = NO;
				DEBUG_INFORMATION_FORMAT = "dwarf-with-dsym";
				ENABLE_NS_ASSERTIONS = NO;
				ENABLE_STRICT_OBJC_MSGSEND = YES;
				GCC_C_LANGUAGE_STANDARD = gnu11;
				GCC_NO_COMMON_BLOCKS = YES;
				GCC_WARN_64_TO_32_BIT_CONVERSION = YES;
				GCC_WARN_ABOUT_RETURN_TYPE = YES_ERROR;
				GCC_WARN_UNDECLARED_SELECTOR = YES;
				GCC_WARN_UNINITIALIZED_AUTOS = YES_AGGRESSIVE;
				GCC_WARN_UNUSED_FUNCTION = YES;
				GCC_WARN_UNUSED_VARIABLE = YES;
				IPHONEOS_DEPLOYMENT_TARGET = 11.4;
				MTL_ENABLE_DEBUG_INFO = NO;
				SDKROOT = iphoneos;
				VALIDATE_PRODUCT = YES;
			};
			name = Release;
		};
		824D6E7B21B926EF00FF637A /* Debug */ = {
			isa = XCBuildConfiguration;
			buildSettings = {
				ASSETCATALOG_COMPILER_APPICON_NAME = AppIcon;
				CODE_SIGN_STYLE = Automatic;
				DEVELOPMENT_TEAM = YEU77XR292;
				INFOPLIST_FILE = "可变与不可变/Info.plist";
				LD_RUNPATH_SEARCH_PATHS = (
					"$(inherited)",
					"@executable_path/Frameworks",
				);
				PRODUCT_BUNDLE_IDENTIFIER = "com.pingwang.------";
				PRODUCT_NAME = "$(TARGET_NAME)";
				TARGETED_DEVICE_FAMILY = "1,2";
			};
			name = Debug;
		};
		824D6E7C21B926EF00FF637A /* Release */ = {
			isa = XCBuildConfiguration;
			buildSettings = {
				ASSETCATALOG_COMPILER_APPICON_NAME = AppIcon;
				CODE_SIGN_STYLE = Automatic;
				DEVELOPMENT_TEAM = YEU77XR292;
				INFOPLIST_FILE = "可变与不可变/Info.plist";
				LD_RUNPATH_SEARCH_PATHS = (
					"$(inherited)",
					"@executable_path/Frameworks",
				);
				PRODUCT_BUNDLE_IDENTIFIER = "com.pingwang.------";
				PRODUCT_NAME = "$(TARGET_NAME)";
				TARGETED_DEVICE_FAMILY = "1,2";
			};
			name = Release;
		};
/* End XCBuildConfiguration section */

/* Begin XCConfigurationList section */
		824D6E5F21B926ED00FF637A /* Build configuration list for PBXProject "可变与不可变" */ = {
			isa = XCConfigurationList;
			buildConfigurations = (
				824D6E7821B926EF00FF637A /* Debug */,
				824D6E7921B926EF00FF637A /* Release */,
			);
			defaultConfigurationIsVisible = 0;
			defaultConfigurationName = Release;
		};
		824D6E7A21B926EF00FF637A /* Build configuration list for PBXNativeTarget "可变与不可变" */ = {
			isa = XCConfigurationList;
			buildConfigurations = (
				824D6E7B21B926EF00FF637A /* Debug */,
				824D6E7C21B926EF00FF637A /* Release */,
			);
			defaultConfigurationIsVisible = 0;
			defaultConfigurationName = Release;
		};
/* End XCConfigurationList section */
	};
	rootObject = 824D6E5C21B926ED00FF637A /* Project object */;
}
