// !$*UTF8*$!
{
	archiveVersion = 1;
	classes = {
	};
	objectVersion = 50;
	objects = {

/* Begin PBXBuildFile section */
		829E2227221FFB3E00CA0D85 /* AppDelegate.m in Sources */ = {isa = PBXBuildFile; fileRef = 829E2226221FFB3E00CA0D85 /* AppDelegate.m */; };
		829E222A221FFB3E00CA0D85 /* ViewController.m in Sources */ = {isa = PBXBuildFile; fileRef = 829E2229221FFB3E00CA0D85 /* ViewController.m */; };
		829E222D221FFB3E00CA0D85 /* Main.storyboard in Resources */ = {isa = PBXBuildFile; fileRef = 829E222B221FFB3E00CA0D85 /* Main.storyboard */; };
		829E222F221FFB3F00CA0D85 /* Assets.xcassets in Resources */ = {isa = PBXBuildFile; fileRef = 829E222E221FFB3F00CA0D85 /* Assets.xcassets */; };
		829E2232221FFB3F00CA0D85 /* LaunchScreen.storyboard in Resources */ = {isa = PBXBuildFile; fileRef = 829E2230221FFB3F00CA0D85 /* LaunchScreen.storyboard */; };
		829E2235221FFB4000CA0D85 /* main.m in Sources */ = {isa = PBXBuildFile; fileRef = 829E2234221FFB4000CA0D85 /* main.m */; };
		829E223F221FFB4000CA0D85 /* TestNavBarUITests.m in Sources */ = {isa = PBXBuildFile; fileRef = 829E223E221FFB4000CA0D85 /* TestNavBarUITests.m */; };
/* End PBXBuildFile section */

/* Begin PBXContainerItemProxy section */
		829E223B221FFB4000CA0D85 /* PBXContainerItemProxy */ = {
			isa = PBXContainerItemProxy;
			containerPortal = 829E221A221FFB3E00CA0D85 /* Project object */;
			proxyType = 1;
			remoteGlobalIDString = 829E2221221FFB3E00CA0D85;
			remoteInfo = TestNavBar;
		};
/* End PBXContainerItemProxy section */

/* Begin PBXFileReference section */
		829E2222221FFB3E00CA0D85 /* TestNavBar.app */ = {isa = PBXFileReference; explicitFileType = wrapper.application; includeInIndex = 0; path = TestNavBar.app; sourceTree = BUILT_PRODUCTS_DIR; };
		829E2225221FFB3E00CA0D85 /* AppDelegate.h */ = {isa = PBXFileReference; lastKnownFileType = sourcecode.c.h; path = AppDelegate.h; sourceTree = "<group>"; };
		829E2226221FFB3E00CA0D85 /* AppDelegate.m */ = {isa = PBXFileReference; lastKnownFileType = sourcecode.c.objc; path = AppDelegate.m; sourceTree = "<group>"; };
		829E2228221FFB3E00CA0D85 /* ViewController.h */ = {isa = PBXFileReference; lastKnownFileType = sourcecode.c.h; path = ViewController.h; sourceTree = "<group>"; };
		829E2229221FFB3E00CA0D85 /* ViewController.m */ = {isa = PBXFileReference; lastKnownFileType = sourcecode.c.objc; path = ViewController.m; sourceTree = "<group>"; };
		829E222C221FFB3E00CA0D85 /* Base */ = {isa = PBXFileReference; lastKnownFileType = file.storyboard; name = Base; path = Base.lproj/Main.storyboard; sourceTree = "<group>"; };
		829E222E221FFB3F00CA0D85 /* Assets.xcassets */ = {isa = PBXFileReference; lastKnownFileType = folder.assetcatalog; path = Assets.xcassets; sourceTree = "<group>"; };
		829E2231221FFB3F00CA0D85 /* Base */ = {isa = PBXFileReference; lastKnownFileType = file.storyboard; name = Base; path = Base.lproj/LaunchScreen.storyboard; sourceTree = "<group>"; };
		829E2233221FFB3F00CA0D85 /* Info.plist */ = {isa = PBXFileReference; lastKnownFileType = text.plist.xml; path = Info.plist; sourceTree = "<group>"; };
		829E2234221FFB4000CA0D85 /* main.m */ = {isa = PBXFileReference; lastKnownFileType = sourcecode.c.objc; path = main.m; sourceTree = "<group>"; };
		829E223A221FFB4000CA0D85 /* TestNavBarUITests.xctest */ = {isa = PBXFileReference; explicitFileType = wrapper.cfbundle; includeInIndex = 0; path = TestNavBarUITests.xctest; sourceTree = BUILT_PRODUCTS_DIR; };
		829E223E221FFB4000CA0D85 /* TestNavBarUITests.m */ = {isa = PBXFileReference; lastKnownFileType = sourcecode.c.objc; path = TestNavBarUITests.m; sourceTree = "<group>"; };
		829E2240221FFB4000CA0D85 /* Info.plist */ = {isa = PBXFileReference; lastKnownFileType = text.plist.xml; path = Info.plist; sourceTree = "<group>"; };
/* End PBXFileReference section */

/* Begin PBXFrameworksBuildPhase section */
		829E221F221FFB3E00CA0D85 /* Frameworks */ = {
			isa = PBXFrameworksBuildPhase;
			buildActionMask = 2147483647;
			files = (
			);
			runOnlyForDeploymentPostprocessing = 0;
		};
		829E2237221FFB4000CA0D85 /* Frameworks */ = {
			isa = PBXFrameworksBuildPhase;
			buildActionMask = 2147483647;
			files = (
			);
			runOnlyForDeploymentPostprocessing = 0;
		};
/* End PBXFrameworksBuildPhase section */

/* Begin PBXGroup section */
		829E2219221FFB3E00CA0D85 = {
			isa = PBXGroup;
			children = (
				829E2224221FFB3E00CA0D85 /* TestNavBar */,
				829E223D221FFB4000CA0D85 /* TestNavBarUITests */,
				829E2223221FFB3E00CA0D85 /* Products */,
			);
			sourceTree = "<group>";
		};
		829E2223221FFB3E00CA0D85 /* Products */ = {
			isa = PBXGroup;
			children = (
				829E2222221FFB3E00CA0D85 /* TestNavBar.app */,
				829E223A221FFB4000CA0D85 /* TestNavBarUITests.xctest */,
			);
			name = Products;
			sourceTree = "<group>";
		};
		829E2224221FFB3E00CA0D85 /* TestNavBar */ = {
			isa = PBXGroup;
			children = (
				829E2225221FFB3E00CA0D85 /* AppDelegate.h */,
				829E2226221FFB3E00CA0D85 /* AppDelegate.m */,
				829E2228221FFB3E00CA0D85 /* ViewController.h */,
				829E2229221FFB3E00CA0D85 /* ViewController.m */,
				829E222B221FFB3E00CA0D85 /* Main.storyboard */,
				829E222E221FFB3F00CA0D85 /* Assets.xcassets */,
				829E2230221FFB3F00CA0D85 /* LaunchScreen.storyboard */,
				829E2233221FFB3F00CA0D85 /* Info.plist */,
				829E2234221FFB4000CA0D85 /* main.m */,
			);
			path = TestNavBar;
			sourceTree = "<group>";
		};
		829E223D221FFB4000CA0D85 /* TestNavBarUITests */ = {
			isa = PBXGroup;
			children = (
				829E223E221FFB4000CA0D85 /* TestNavBarUITests.m */,
				829E2240221FFB4000CA0D85 /* Info.plist */,
			);
			path = TestNavBarUITests;
			sourceTree = "<group>";
		};
/* End PBXGroup section */

/* Begin PBXNativeTarget section */
		829E2221221FFB3E00CA0D85 /* TestNavBar */ = {
			isa = PBXNativeTarget;
			buildConfigurationList = 829E2243221FFB4000CA0D85 /* Build configuration list for PBXNativeTarget "TestNavBar" */;
			buildPhases = (
				829E221E221FFB3E00CA0D85 /* Sources */,
				829E221F221FFB3E00CA0D85 /* Frameworks */,
				829E2220221FFB3E00CA0D85 /* Resources */,
			);
			buildRules = (
			);
			dependencies = (
			);
			name = TestNavBar;
			productName = TestNavBar;
			productReference = 829E2222221FFB3E00CA0D85 /* TestNavBar.app */;
			productType = "com.apple.product-type.application";
		};
		829E2239221FFB4000CA0D85 /* TestNavBarUITests */ = {
			isa = PBXNativeTarget;
			buildConfigurationList = 829E2246221FFB4000CA0D85 /* Build configuration list for PBXNativeTarget "TestNavBarUITests" */;
			buildPhases = (
				829E2236221FFB4000CA0D85 /* Sources */,
				829E2237221FFB4000CA0D85 /* Frameworks */,
				829E2238221FFB4000CA0D85 /* Resources */,
			);
			buildRules = (
			);
			dependencies = (
				829E223C221FFB4000CA0D85 /* PBXTargetDependency */,
			);
			name = TestNavBarUITests;
			productName = TestNavBarUITests;
			productReference = 829E223A221FFB4000CA0D85 /* TestNavBarUITests.xctest */;
			productType = "com.apple.product-type.bundle.ui-testing";
		};
/* End PBXNativeTarget section */

/* Begin PBXProject section */
		829E221A221FFB3E00CA0D85 /* Project object */ = {
			isa = PBXProject;
			attributes = {
				LastUpgradeCheck = 1010;
				ORGANIZATIONNAME = iot_iMac;
				TargetAttributes = {
					829E2221221FFB3E00CA0D85 = {
						CreatedOnToolsVersion = 10.1;
					};
					829E2239221FFB4000CA0D85 = {
						CreatedOnToolsVersion = 10.1;
						TestTargetID = 829E2221221FFB3E00CA0D85;
					};
				};
			};
			buildConfigurationList = 829E221D221FFB3E00CA0D85 /* Build configuration list for PBXProject "TestNavBar" */;
			compatibilityVersion = "Xcode 9.3";
			developmentRegion = en;
			hasScannedForEncodings = 0;
			knownRegions = (
				en,
				Base,
			);
			mainGroup = 829E2219221FFB3E00CA0D85;
			productRefGroup = 829E2223221FFB3E00CA0D85 /* Products */;
			projectDirPath = "";
			projectRoot = "";
			targets = (
				829E2221221FFB3E00CA0D85 /* TestNavBar */,
				829E2239221FFB4000CA0D85 /* TestNavBarUITests */,
			);
		};
/* End PBXProject section */

/* Begin PBXResourcesBuildPhase section */
		829E2220221FFB3E00CA0D85 /* Resources */ = {
			isa = PBXResourcesBuildPhase;
			buildActionMask = 2147483647;
			files = (
				829E2232221FFB3F00CA0D85 /* LaunchScreen.storyboard in Resources */,
				829E222F221FFB3F00CA0D85 /* Assets.xcassets in Resources */,
				829E222D221FFB3E00CA0D85 /* Main.storyboard in Resources */,
			);
			runOnlyForDeploymentPostprocessing = 0;
		};
		829E2238221FFB4000CA0D85 /* Resources */ = {
			isa = PBXResourcesBuildPhase;
			buildActionMask = 2147483647;
			files = (
			);
			runOnlyForDeploymentPostprocessing = 0;
		};
/* End PBXResourcesBuildPhase section */

/* Begin PBXSourcesBuildPhase section */
		829E221E221FFB3E00CA0D85 /* Sources */ = {
			isa = PBXSourcesBuildPhase;
			buildActionMask = 2147483647;
			files = (
				829E222A221FFB3E00CA0D85 /* ViewController.m in Sources */,
				829E2235221FFB4000CA0D85 /* main.m in Sources */,
				829E2227221FFB3E00CA0D85 /* AppDelegate.m in Sources */,
			);
			runOnlyForDeploymentPostprocessing = 0;
		};
		829E2236221FFB4000CA0D85 /* Sources */ = {
			isa = PBXSourcesBuildPhase;
			buildActionMask = 2147483647;
			files = (
				829E223F221FFB4000CA0D85 /* TestNavBarUITests.m in Sources */,
			);
			runOnlyForDeploymentPostprocessing = 0;
		};
/* End PBXSourcesBuildPhase section */

/* Begin PBXTargetDependency section */
		829E223C221FFB4000CA0D85 /* PBXTargetDependency */ = {
			isa = PBXTargetDependency;
			target = 829E2221221FFB3E00CA0D85 /* TestNavBar */;
			targetProxy = 829E223B221FFB4000CA0D85 /* PBXContainerItemProxy */;
		};
/* End PBXTargetDependency section */

/* Begin PBXVariantGroup section */
		829E222B221FFB3E00CA0D85 /* Main.storyboard */ = {
			isa = PBXVariantGroup;
			children = (
				829E222C221FFB3E00CA0D85 /* Base */,
			);
			name = Main.storyboard;
			sourceTree = "<group>";
		};
		829E2230221FFB3F00CA0D85 /* LaunchScreen.storyboard */ = {
			isa = PBXVariantGroup;
			children = (
				829E2231221FFB3F00CA0D85 /* Base */,
			);
			name = LaunchScreen.storyboard;
			sourceTree = "<group>";
		};
/* End PBXVariantGroup section */

/* Begin XCBuildConfiguration section */
		829E2241221FFB4000CA0D85 /* Debug */ = {
			isa = XCBuildConfiguration;
			buildSettings = {
				ALWAYS_SEARCH_USER_PATHS = NO;
				CLANG_ANALYZER_NONNULL = YES;
				CLANG_ANALYZER_NUMBER_OBJECT_CONVERSION = YES_AGGRESSIVE;
				CLANG_CXX_LANGUAGE_STANDARD = "gnu++14";
				CLANG_CXX_LIBRARY = "libc++";
				CLANG_ENABLE_MODULES = YES;
				CLANG_ENABLE_OBJC_ARC = YES;
				CLANG_ENABLE_OBJC_WEAK = YES;
				CLANG_WARN_BLOCK_CAPTURE_AUTORELEASING = YES;
				CLANG_WARN_BOOL_CONVERSION = YES;
				CLANG_WARN_COMMA = YES;
				CLANG_WARN_CONSTANT_CONVERSION = YES;
				CLANG_WARN_DEPRECATED_OBJC_IMPLEMENTATIONS = YES;
				CLANG_WARN_DIRECT_OBJC_ISA_USAGE = YES_ERROR;
				CLANG_WARN_DOCUMENTATION_COMMENTS = YES;
				CLANG_WARN_EMPTY_BODY = YES;
				CLANG_WARN_ENUM_CONVERSION = YES;
				CLANG_WARN_INFINITE_RECURSION = YES;
				CLANG_WARN_INT_CONVERSION = YES;
				CLANG_WARN_NON_LITERAL_NULL_CONVERSION = YES;
				CLANG_WARN_OBJC_IMPLICIT_RETAIN_SELF = YES;
				CLANG_WARN_OBJC_LITERAL_CONVERSION = YES;
				CLANG_WARN_OBJC_ROOT_CLASS = YES_ERROR;
				CLANG_WARN_RANGE_LOOP_ANALYSIS = YES;
				CLANG_WARN_STRICT_PROTOTYPES = YES;
				CLANG_WARN_SUSPICIOUS_MOVE = YES;
				CLANG_WARN_UNGUARDED_AVAILABILITY = YES_AGGRESSIVE;
				CLANG_WARN_UNREACHABLE_CODE = YES;
				CLANG_WARN__DUPLICATE_METHOD_MATCH = YES;
				CODE_SIGN_IDENTITY = "iPhone Developer";
				COPY_PHASE_STRIP = NO;
				DEBUG_INFORMATION_FORMAT = dwarf;
				ENABLE_STRICT_OBJC_MSGSEND = YES;
				ENABLE_TESTABILITY = YES;
				GCC_C_LANGUAGE_STANDARD = gnu11;
				GCC_DYNAMIC_NO_PIC = NO;
				GCC_NO_COMMON_BLOCKS = YES;
				GCC_OPTIMIZATION_LEVEL = 0;
				GCC_PREPROCESSOR_DEFINITIONS = (
					"DEBUG=1",
					"$(inherited)",
				);
				GCC_WARN_64_TO_32_BIT_CONVERSION = YES;
				GCC_WARN_ABOUT_RETURN_TYPE = YES_ERROR;
				GCC_WARN_UNDECLARED_SELECTOR = YES;
				GCC_WARN_UNINITIALIZED_AUTOS = YES_AGGRESSIVE;
				GCC_WARN_UNUSED_FUNCTION = YES;
				GCC_WARN_UNUSED_VARIABLE = YES;
				IPHONEOS_DEPLOYMENT_TARGET = 12.1;
				MTL_ENABLE_DEBUG_INFO = INCLUDE_SOURCE;
				MTL_FAST_MATH = YES;
				ONLY_ACTIVE_ARCH = YES;
				SDKROOT = iphoneos;
			};
			name = Debug;
		};
		829E2242221FFB4000CA0D85 /* Release */ = {
			isa = XCBuildConfiguration;
			buildSettings = {
				ALWAYS_SEARCH_USER_PATHS = NO;
				CLANG_ANALYZER_NONNULL = YES;
				CLANG_ANALYZER_NUMBER_OBJECT_CONVERSION = YES_AGGRESSIVE;
				CLANG_CXX_LANGUAGE_STANDARD = "gnu++14";
				CLANG_CXX_LIBRARY = "libc++";
				CLANG_ENABLE_MODULES = YES;
				CLANG_ENABLE_OBJC_ARC = YES;
				CLANG_ENABLE_OBJC_WEAK = YES;
				CLANG_WARN_BLOCK_CAPTURE_AUTORELEASING = YES;
				CLANG_WARN_BOOL_CONVERSION = YES;
				CLANG_WARN_COMMA = YES;
				CLANG_WARN_CONSTANT_CONVERSION = YES;
				CLANG_WARN_DEPRECATED_OBJC_IMPLEMENTATIONS = YES;
				CLANG_WARN_DIRECT_OBJC_ISA_USAGE = YES_ERROR;
				CLANG_WARN_DOCUMENTATION_COMMENTS = YES;
				CLANG_WARN_EMPTY_BODY = YES;
				CLANG_WARN_ENUM_CONVERSION = YES;
				CLANG_WARN_INFINITE_RECURSION = YES;
				CLANG_WARN_INT_CONVERSION = YES;
				CLANG_WARN_NON_LITERAL_NULL_CONVERSION = YES;
				CLANG_WARN_OBJC_IMPLICIT_RETAIN_SELF = YES;
				CLANG_WARN_OBJC_LITERAL_CONVERSION = YES;
				CLANG_WARN_OBJC_ROOT_CLASS = YES_ERROR;
				CLANG_WARN_RANGE_LOOP_ANALYSIS = YES;
				CLANG_WARN_STRICT_PROTOTYPES = YES;
				CLANG_WARN_SUSPICIOUS_MOVE = YES;
				CLANG_WARN_UNGUARDED_AVAILABILITY = YES_AGGRESSIVE;
				CLANG_WARN_UNREACHABLE_CODE = YES;
				CLANG_WARN__DUPLICATE_METHOD_MATCH = YES;
				CODE_SIGN_IDENTITY = "iPhone Developer";
				COPY_PHASE_STRIP = NO;
				DEBUG_INFORMATION_FORMAT = "dwarf-with-dsym";
				ENABLE_NS_ASSERTIONS = NO;
				ENABLE_STRICT_OBJC_MSGSEND = YES;
				GCC_C_LANGUAGE_STANDARD = gnu11;
				GCC_NO_COMMON_BLOCKS = YES;
				GCC_WARN_64_TO_32_BIT_CONVERSION = YES;
				GCC_WARN_ABOUT_RETURN_TYPE = YES_ERROR;
				GCC_WARN_UNDECLARED_SELECTOR = YES;
				GCC_WARN_UNINITIALIZED_AUTOS = YES_AGGRESSIVE;
				GCC_WARN_UNUSED_FUNCTION = YES;
				GCC_WARN_UNUSED_VARIABLE = YES;
				IPHONEOS_DEPLOYMENT_TARGET = 12.1;
				MTL_ENABLE_DEBUG_INFO = NO;
				MTL_FAST_MATH = YES;
				SDKROOT = iphoneos;
				VALIDATE_PRODUCT = YES;
			};
			name = Release;
		};
		829E2244221FFB4000CA0D85 /* Debug */ = {
			isa = XCBuildConfiguration;
			buildSettings = {
				ASSETCATALOG_COMPILER_APPICON_NAME = AppIcon;
				CODE_SIGN_STYLE = Automatic;
				DEVELOPMENT_TEAM = YEU77XR292;
				INFOPLIST_FILE = TestNavBar/Info.plist;
				LD_RUNPATH_SEARCH_PATHS = (
					"$(inherited)",
					"@executable_path/Frameworks",
				);
				PRODUCT_BUNDLE_IDENTIFIER = com.pingwang.TestNavBar;
				PRODUCT_NAME = "$(TARGET_NAME)";
				TARGETED_DEVICE_FAMILY = "1,2";
			};
			name = Debug;
		};
		829E2245221FFB4000CA0D85 /* Release */ = {
			isa = XCBuildConfiguration;
			buildSettings = {
				ASSETCATALOG_COMPILER_APPICON_NAME = AppIcon;
				CODE_SIGN_STYLE = Automatic;
				DEVELOPMENT_TEAM = YEU77XR292;
				INFOPLIST_FILE = TestNavBar/Info.plist;
				LD_RUNPATH_SEARCH_PATHS = (
					"$(inherited)",
					"@executable_path/Frameworks",
				);
				PRODUCT_BUNDLE_IDENTIFIER = com.pingwang.TestNavBar;
				PRODUCT_NAME = "$(TARGET_NAME)";
				TARGETED_DEVICE_FAMILY = "1,2";
			};
			name = Release;
		};
		829E2247221FFB4000CA0D85 /* Debug */ = {
			isa = XCBuildConfiguration;
			buildSettings = {
				CODE_SIGN_STYLE = Automatic;
				DEVELOPMENT_TEAM = YEU77XR292;
				INFOPLIST_FILE = TestNavBarUITests/Info.plist;
				LD_RUNPATH_SEARCH_PATHS = (
					"$(inherited)",
					"@executable_path/Frameworks",
					"@loader_path/Frameworks",
				);
				PRODUCT_BUNDLE_IDENTIFIER = com.pingwang.TestNavBarUITests;
				PRODUCT_NAME = "$(TARGET_NAME)";
				TARGETED_DEVICE_FAMILY = "1,2";
				TEST_TARGET_NAME = TestNavBar;
			};
			name = Debug;
		};
		829E2248221FFB4000CA0D85 /* Release */ = {
			isa = XCBuildConfiguration;
			buildSettings = {
				CODE_SIGN_STYLE = Automatic;
				DEVELOPMENT_TEAM = YEU77XR292;
				INFOPLIST_FILE = TestNavBarUITests/Info.plist;
				LD_RUNPATH_SEARCH_PATHS = (
					"$(inherited)",
					"@executable_path/Frameworks",
					"@loader_path/Frameworks",
				);
				PRODUCT_BUNDLE_IDENTIFIER = com.pingwang.TestNavBarUITests;
				PRODUCT_NAME = "$(TARGET_NAME)";
				TARGETED_DEVICE_FAMILY = "1,2";
				TEST_TARGET_NAME = TestNavBar;
			};
			name = Release;
		};
/* End XCBuildConfiguration section */

/* Begin XCConfigurationList section */
		829E221D221FFB3E00CA0D85 /* Build configuration list for PBXProject "TestNavBar" */ = {
			isa = XCConfigurationList;
			buildConfigurations = (
				829E2241221FFB4000CA0D85 /* Debug */,
				829E2242221FFB4000CA0D85 /* Release */,
			);
			defaultConfigurationIsVisible = 0;
			defaultConfigurationName = Release;
		};
		829E2243221FFB4000CA0D85 /* Build configuration list for PBXNativeTarget "TestNavBar" */ = {
			isa = XCConfigurationList;
			buildConfigurations = (
				829E2244221FFB4000CA0D85 /* Debug */,
				829E2245221FFB4000CA0D85 /* Release */,
			);
			defaultConfigurationIsVisible = 0;
			defaultConfigurationName = Release;
		};
		829E2246221FFB4000CA0D85 /* Build configuration list for PBXNativeTarget "TestNavBarUITests" */ = {
			isa = XCConfigurationList;
			buildConfigurations = (
				829E2247221FFB4000CA0D85 /* Debug */,
				829E2248221FFB4000CA0D85 /* Release */,
			);
			defaultConfigurationIsVisible = 0;
			defaultConfigurationName = Release;
		};
/* End XCConfigurationList section */
	};
	rootObject = 829E221A221FFB3E00CA0D85 /* Project object */;
}
